// !$*UTF8*$!
{
	archiveVersion = 1;
	classes = {
	};
	objectVersion = 50;
	objects = {

/* Begin PBXBuildFile section */
		89102EAC23AB91DE00DA5718 /* UIAlertController+XY.m in Sources */ = {isa = PBXBuildFile; fileRef = 89102E9223AB91DC00DA5718 /* UIAlertController+XY.m */; };
		89102EAD23AB91DE00DA5718 /* UIAlertController+XY.h in Headers */ = {isa = PBXBuildFile; fileRef = 89102E9323AB91DC00DA5718 /* UIAlertController+XY.h */; };
		89102EAE23AB91DE00DA5718 /* UIColor+XY.h in Headers */ = {isa = PBXBuildFile; fileRef = 89102E9423AB91DC00DA5718 /* UIColor+XY.h */; };
		89102EAF23AB91DE00DA5718 /* XYViewSupport.h in Headers */ = {isa = PBXBuildFile; fileRef = 89102E9523AB91DC00DA5718 /* XYViewSupport.h */; };
		89102EB023AB91DE00DA5718 /* UILabel+XY.m in Sources */ = {isa = PBXBuildFile; fileRef = 89102E9623AB91DC00DA5718 /* UILabel+XY.m */; };
		89102EB123AB91DE00DA5718 /* XYObjectSupport.m in Sources */ = {isa = PBXBuildFile; fileRef = 89102E9723AB91DC00DA5718 /* XYObjectSupport.m */; };
		89102EB223AB91DE00DA5718 /* UIScrollView+XY.h in Headers */ = {isa = PBXBuildFile; fileRef = 89102E9823AB91DC00DA5718 /* UIScrollView+XY.h */; };
		89102EB323AB91DE00DA5718 /* UIImage+XY.m in Sources */ = {isa = PBXBuildFile; fileRef = 89102E9923AB91DC00DA5718 /* UIImage+XY.m */; };
		89102EB423AB91DE00DA5718 /* XYViewSupport.m in Sources */ = {isa = PBXBuildFile; fileRef = 89102E9A23AB91DC00DA5718 /* XYViewSupport.m */; };
		89102EB523AB91DE00DA5718 /* XYButtonSupport.h in Headers */ = {isa = PBXBuildFile; fileRef = 89102E9B23AB91DC00DA5718 /* XYButtonSupport.h */; };
		89102EB623AB91DE00DA5718 /* UIView+XY.h in Headers */ = {isa = PBXBuildFile; fileRef = 89102E9C23AB91DC00DA5718 /* UIView+XY.h */; };
		89102EB723AB91DE00DA5718 /* XYButtonSupport.m in Sources */ = {isa = PBXBuildFile; fileRef = 89102E9D23AB91DC00DA5718 /* XYButtonSupport.m */; };
		89102EB823AB91DE00DA5718 /* XYObjectSupport.h in Headers */ = {isa = PBXBuildFile; fileRef = 89102E9E23AB91DC00DA5718 /* XYObjectSupport.h */; };
		89102EB923AB91DE00DA5718 /* UIColor+XY.m in Sources */ = {isa = PBXBuildFile; fileRef = 89102E9F23AB91DC00DA5718 /* UIColor+XY.m */; };
		89102EBA23AB91DE00DA5718 /* UIButton+XY.h in Headers */ = {isa = PBXBuildFile; fileRef = 89102EA023AB91DC00DA5718 /* UIButton+XY.h */; };
		89102EBB23AB91DE00DA5718 /* UIScrollView+XY.m in Sources */ = {isa = PBXBuildFile; fileRef = 89102EA123AB91DD00DA5718 /* UIScrollView+XY.m */; };
		89102EBC23AB91DE00DA5718 /* UILabel+XY.h in Headers */ = {isa = PBXBuildFile; fileRef = 89102EA223AB91DD00DA5718 /* UILabel+XY.h */; };
		89102EBD23AB91DE00DA5718 /* XYApp.m in Sources */ = {isa = PBXBuildFile; fileRef = 89102EA323AB91DD00DA5718 /* XYApp.m */; };
		89102EBE23AB91DE00DA5718 /* XYTabBarController.m in Sources */ = {isa = PBXBuildFile; fileRef = 89102EA423AB91DD00DA5718 /* XYTabBarController.m */; };
		89102EBF23AB91DE00DA5718 /* XYTabBarController.h in Headers */ = {isa = PBXBuildFile; fileRef = 89102EA523AB91DD00DA5718 /* XYTabBarController.h */; };
		89102EC023AB91DE00DA5718 /* XYApp.h in Headers */ = {isa = PBXBuildFile; fileRef = 89102EA623AB91DD00DA5718 /* XYApp.h */; };
		89102EC123AB91DE00DA5718 /* UIButton+XY.m in Sources */ = {isa = PBXBuildFile; fileRef = 89102EA723AB91DD00DA5718 /* UIButton+XY.m */; };
		89102EC223AB91DE00DA5718 /* UIView+XY.m in Sources */ = {isa = PBXBuildFile; fileRef = 89102EA823AB91DD00DA5718 /* UIView+XY.m */; };
		89102EC323AB91DE00DA5718 /* NSObject+XY.h in Headers */ = {isa = PBXBuildFile; fileRef = 89102EA923AB91DD00DA5718 /* NSObject+XY.h */; };
		89102EC423AB91DE00DA5718 /* UIImage+XY.h in Headers */ = {isa = PBXBuildFile; fileRef = 89102EAA23AB91DD00DA5718 /* UIImage+XY.h */; };
		89102EC523AB91DE00DA5718 /* NSObject+XY.m in Sources */ = {isa = PBXBuildFile; fileRef = 89102EAB23AB91DD00DA5718 /* NSObject+XY.m */; };
		89102EC723AB922600DA5718 /* XYHeader.h in Headers */ = {isa = PBXBuildFile; fileRef = 89102EC623AB922600DA5718 /* XYHeader.h */; };
		89102ECA23AB92BC00DA5718 /* XYDevice.h in Headers */ = {isa = PBXBuildFile; fileRef = 89102EC823AB92BC00DA5718 /* XYDevice.h */; };
		89102ECB23AB92BC00DA5718 /* XYDevice.m in Sources */ = {isa = PBXBuildFile; fileRef = 89102EC923AB92BC00DA5718 /* XYDevice.m */; };
/* End PBXBuildFile section */

/* Begin PBXFileReference section */
		89102E9223AB91DC00DA5718 /* UIAlertController+XY.m */ = {isa = PBXFileReference; fileEncoding = 4; lastKnownFileType = sourcecode.c.objc; path = "UIAlertController+XY.m"; sourceTree = "<group>"; };
		89102E9323AB91DC00DA5718 /* UIAlertController+XY.h */ = {isa = PBXFileReference; fileEncoding = 4; lastKnownFileType = sourcecode.c.h; path = "UIAlertController+XY.h"; sourceTree = "<group>"; };
		89102E9423AB91DC00DA5718 /* UIColor+XY.h */ = {isa = PBXFileReference; fileEncoding = 4; lastKnownFileType = sourcecode.c.h; path = "UIColor+XY.h"; sourceTree = "<group>"; };
		89102E9523AB91DC00DA5718 /* XYViewSupport.h */ = {isa = PBXFileReference; fileEncoding = 4; lastKnownFileType = sourcecode.c.h; path = XYViewSupport.h; sourceTree = "<group>"; };
		89102E9623AB91DC00DA5718 /* UILabel+XY.m */ = {isa = PBXFileReference; fileEncoding = 4; lastKnownFileType = sourcecode.c.objc; path = "UILabel+XY.m"; sourceTree = "<group>"; };
		89102E9723AB91DC00DA5718 /* XYObjectSupport.m */ = {isa = PBXFileReference; fileEncoding = 4; lastKnownFileType = sourcecode.c.objc; path = XYObjectSupport.m; sourceTree = "<group>"; };
		89102E9823AB91DC00DA5718 /* UIScrollView+XY.h */ = {isa = PBXFileReference; fileEncoding = 4; lastKnownFileType = sourcecode.c.h; path = "UIScrollView+XY.h"; sourceTree = "<group>"; };
		89102E9923AB91DC00DA5718 /* UIImage+XY.m */ = {isa = PBXFileReference; fileEncoding = 4; lastKnownFileType = sourcecode.c.objc; path = "UIImage+XY.m"; sourceTree = "<group>"; };
		89102E9A23AB91DC00DA5718 /* XYViewSupport.m */ = {isa = PBXFileReference; fileEncoding = 4; lastKnownFileType = sourcecode.c.objc; path = XYViewSupport.m; sourceTree = "<group>"; };
		89102E9B23AB91DC00DA5718 /* XYButtonSupport.h */ = {isa = PBXFileReference; fileEncoding = 4; lastKnownFileType = sourcecode.c.h; path = XYButtonSupport.h; sourceTree = "<group>"; };
		89102E9C23AB91DC00DA5718 /* UIView+XY.h */ = {isa = PBXFileReference; fileEncoding = 4; lastKnownFileType = sourcecode.c.h; path = "UIView+XY.h"; sourceTree = "<group>"; };
		89102E9D23AB91DC00DA5718 /* XYButtonSupport.m */ = {isa = PBXFileReference; fileEncoding = 4; lastKnownFileType = sourcecode.c.objc; path = XYButtonSupport.m; sourceTree = "<group>"; };
		89102E9E23AB91DC00DA5718 /* XYObjectSupport.h */ = {isa = PBXFileReference; fileEncoding = 4; lastKnownFileType = sourcecode.c.h; path = XYObjectSupport.h; sourceTree = "<group>"; };
		89102E9F23AB91DC00DA5718 /* UIColor+XY.m */ = {isa = PBXFileReference; fileEncoding = 4; lastKnownFileType = sourcecode.c.objc; path = "UIColor+XY.m"; sourceTree = "<group>"; };
		89102EA023AB91DC00DA5718 /* UIButton+XY.h */ = {isa = PBXFileReference; fileEncoding = 4; lastKnownFileType = sourcecode.c.h; path = "UIButton+XY.h"; sourceTree = "<group>"; };
		89102EA123AB91DD00DA5718 /* UIScrollView+XY.m */ = {isa = PBXFileReference; fileEncoding = 4; lastKnownFileType = sourcecode.c.objc; path = "UIScrollView+XY.m"; sourceTree = "<group>"; };
		89102EA223AB91DD00DA5718 /* UILabel+XY.h */ = {isa = PBXFileReference; fileEncoding = 4; lastKnownFileType = sourcecode.c.h; path = "UILabel+XY.h"; sourceTree = "<group>"; };
		89102EA323AB91DD00DA5718 /* XYApp.m */ = {isa = PBXFileReference; fileEncoding = 4; lastKnownFileType = sourcecode.c.objc; path = XYApp.m; sourceTree = "<group>"; };
		89102EA423AB91DD00DA5718 /* XYTabBarController.m */ = {isa = PBXFileReference; fileEncoding = 4; lastKnownFileType = sourcecode.c.objc; path = XYTabBarController.m; sourceTree = "<group>"; };
		89102EA523AB91DD00DA5718 /* XYTabBarController.h */ = {isa = PBXFileReference; fileEncoding = 4; lastKnownFileType = sourcecode.c.h; path = XYTabBarController.h; sourceTree = "<group>"; };
		89102EA623AB91DD00DA5718 /* XYApp.h */ = {isa = PBXFileReference; fileEncoding = 4; lastKnownFileType = sourcecode.c.h; path = XYApp.h; sourceTree = "<group>"; };
		89102EA723AB91DD00DA5718 /* UIButton+XY.m */ = {isa = PBXFileReference; fileEncoding = 4; lastKnownFileType = sourcecode.c.objc; path = "UIButton+XY.m"; sourceTree = "<group>"; };
		89102EA823AB91DD00DA5718 /* UIView+XY.m */ = {isa = PBXFileReference; fileEncoding = 4; lastKnownFileType = sourcecode.c.objc; path = "UIView+XY.m"; sourceTree = "<group>"; };
		89102EA923AB91DD00DA5718 /* NSObject+XY.h */ = {isa = PBXFileReference; fileEncoding = 4; lastKnownFileType = sourcecode.c.h; path = "NSObject+XY.h"; sourceTree = "<group>"; };
		89102EAA23AB91DD00DA5718 /* UIImage+XY.h */ = {isa = PBXFileReference; fileEncoding = 4; lastKnownFileType = sourcecode.c.h; path = "UIImage+XY.h"; sourceTree = "<group>"; };
		89102EAB23AB91DD00DA5718 /* NSObject+XY.m */ = {isa = PBXFileReference; fileEncoding = 4; lastKnownFileType = sourcecode.c.objc; path = "NSObject+XY.m"; sourceTree = "<group>"; };
		89102EC623AB922600DA5718 /* XYHeader.h */ = {isa = PBXFileReference; lastKnownFileType = sourcecode.c.h; path = XYHeader.h; sourceTree = "<group>"; };
		89102EC823AB92BC00DA5718 /* XYDevice.h */ = {isa = PBXFileReference; fileEncoding = 4; lastKnownFileType = sourcecode.c.h; path = XYDevice.h; sourceTree = "<group>"; };
		89102EC923AB92BC00DA5718 /* XYDevice.m */ = {isa = PBXFileReference; fileEncoding = 4; lastKnownFileType = sourcecode.c.objc; path = XYDevice.m; sourceTree = "<group>"; };
		89B23C9023AB6B80004AD1FC /* XYSaber.framework */ = {isa = PBXFileReference; explicitFileType = wrapper.framework; includeInIndex = 0; path = XYSaber.framework; sourceTree = BUILT_PRODUCTS_DIR; };
		89B23C9423AB6B80004AD1FC /* Info.plist */ = {isa = PBXFileReference; lastKnownFileType = text.plist.xml; path = Info.plist; sourceTree = "<group>"; };
/* End PBXFileReference section */

/* Begin PBXFrameworksBuildPhase section */
		89B23C8D23AB6B80004AD1FC /* Frameworks */ = {
			isa = PBXFrameworksBuildPhase;
			buildActionMask = 2147483647;
			files = (
			);
			runOnlyForDeploymentPostprocessing = 0;
		};
/* End PBXFrameworksBuildPhase section */

/* Begin PBXGroup section */
		89B23C8623AB6B80004AD1FC = {
			isa = PBXGroup;
			children = (
				89B23C9223AB6B80004AD1FC /* XYSaber */,
				89B23C9123AB6B80004AD1FC /* Products */,
			);
			sourceTree = "<group>";
		};
		89B23C9123AB6B80004AD1FC /* Products */ = {
			isa = PBXGroup;
			children = (
				89B23C9023AB6B80004AD1FC /* XYSaber.framework */,
			);
			name = Products;
			sourceTree = "<group>";
		};
		89B23C9223AB6B80004AD1FC /* XYSaber */ = {
			isa = PBXGroup;
			children = (
				89102EC623AB922600DA5718 /* XYHeader.h */,
				89102EA923AB91DD00DA5718 /* NSObject+XY.h */,
				89102EAB23AB91DD00DA5718 /* NSObject+XY.m */,
				89102E9323AB91DC00DA5718 /* UIAlertController+XY.h */,
				89102E9223AB91DC00DA5718 /* UIAlertController+XY.m */,
				89102EA023AB91DC00DA5718 /* UIButton+XY.h */,
				89102EA723AB91DD00DA5718 /* UIButton+XY.m */,
				89102E9423AB91DC00DA5718 /* UIColor+XY.h */,
				89102E9F23AB91DC00DA5718 /* UIColor+XY.m */,
				89102EAA23AB91DD00DA5718 /* UIImage+XY.h */,
				89102E9923AB91DC00DA5718 /* UIImage+XY.m */,
				89102EA223AB91DD00DA5718 /* UILabel+XY.h */,
				89102E9623AB91DC00DA5718 /* UILabel+XY.m */,
				89102E9823AB91DC00DA5718 /* UIScrollView+XY.h */,
				89102EA123AB91DD00DA5718 /* UIScrollView+XY.m */,
				89102E9C23AB91DC00DA5718 /* UIView+XY.h */,
				89102EA823AB91DD00DA5718 /* UIView+XY.m */,
				89102EC823AB92BC00DA5718 /* XYDevice.h */,
				89102EC923AB92BC00DA5718 /* XYDevice.m */,
				89102EA623AB91DD00DA5718 /* XYApp.h */,
				89102EA323AB91DD00DA5718 /* XYApp.m */,
				89102E9B23AB91DC00DA5718 /* XYButtonSupport.h */,
				89102E9D23AB91DC00DA5718 /* XYButtonSupport.m */,
				89102E9E23AB91DC00DA5718 /* XYObjectSupport.h */,
				89102E9723AB91DC00DA5718 /* XYObjectSupport.m */,
				89102EA523AB91DD00DA5718 /* XYTabBarController.h */,
				89102EA423AB91DD00DA5718 /* XYTabBarController.m */,
				89102E9523AB91DC00DA5718 /* XYViewSupport.h */,
				89102E9A23AB91DC00DA5718 /* XYViewSupport.m */,
				89B23C9423AB6B80004AD1FC /* Info.plist */,
			);
			path = XYSaber;
			sourceTree = "<group>";
		};
/* End PBXGroup section */

/* Begin PBXHeadersBuildPhase section */
		89B23C8B23AB6B80004AD1FC /* Headers */ = {
			isa = PBXHeadersBuildPhase;
			buildActionMask = 2147483647;
			files = (
				89102EB523AB91DE00DA5718 /* XYButtonSupport.h in Headers */,
				89102EBF23AB91DE00DA5718 /* XYTabBarController.h in Headers */,
				89102EBA23AB91DE00DA5718 /* UIButton+XY.h in Headers */,
				89102EAF23AB91DE00DA5718 /* XYViewSupport.h in Headers */,
				89102EC423AB91DE00DA5718 /* UIImage+XY.h in Headers */,
				89102EAD23AB91DE00DA5718 /* UIAlertController+XY.h in Headers */,
				89102EC723AB922600DA5718 /* XYHeader.h in Headers */,
				89102EAE23AB91DE00DA5718 /* UIColor+XY.h in Headers */,
				89102EC023AB91DE00DA5718 /* XYApp.h in Headers */,
				89102EC323AB91DE00DA5718 /* NSObject+XY.h in Headers */,
				89102ECA23AB92BC00DA5718 /* XYDevice.h in Headers */,
				89102EB623AB91DE00DA5718 /* UIView+XY.h in Headers */,
				89102EB823AB91DE00DA5718 /* XYObjectSupport.h in Headers */,
				89102EB223AB91DE00DA5718 /* UIScrollView+XY.h in Headers */,
				89102EBC23AB91DE00DA5718 /* UILabel+XY.h in Headers */,
			);
			runOnlyForDeploymentPostprocessing = 0;
		};
/* End PBXHeadersBuildPhase section */

/* Begin PBXNativeTarget section */
		89B23C8F23AB6B80004AD1FC /* XYSaber */ = {
			isa = PBXNativeTarget;
			buildConfigurationList = 89B23C9823AB6B80004AD1FC /* Build configuration list for PBXNativeTarget "XYSaber" */;
			buildPhases = (
				89B23C8B23AB6B80004AD1FC /* Headers */,
				89B23C8C23AB6B80004AD1FC /* Sources */,
				89B23C8D23AB6B80004AD1FC /* Frameworks */,
				89B23C8E23AB6B80004AD1FC /* Resources */,
			);
			buildRules = (
			);
			dependencies = (
			);
			name = XYSaber;
			productName = XYSaber;
			productReference = 89B23C9023AB6B80004AD1FC /* XYSaber.framework */;
			productType = "com.apple.product-type.framework";
		};
/* End PBXNativeTarget section */

/* Begin PBXProject section */
		89B23C8723AB6B80004AD1FC /* Project object */ = {
			isa = PBXProject;
			attributes = {
				LastUpgradeCheck = 1130;
				ORGANIZATIONNAME = ios;
				TargetAttributes = {
					89B23C8F23AB6B80004AD1FC = {
						CreatedOnToolsVersion = 11.3;
					};
				};
			};
			buildConfigurationList = 89B23C8A23AB6B80004AD1FC /* Build configuration list for PBXProject "XYSaber" */;
			compatibilityVersion = "Xcode 9.3";
			developmentRegion = en;
			hasScannedForEncodings = 0;
			knownRegions = (
				en,
				Base,
			);
			mainGroup = 89B23C8623AB6B80004AD1FC;
			productRefGroup = 89B23C9123AB6B80004AD1FC /* Products */;
			projectDirPath = "";
			projectRoot = "";
			targets = (
				89B23C8F23AB6B80004AD1FC /* XYSaber */,
			);
		};
/* End PBXProject section */

/* Begin PBXResourcesBuildPhase section */
		89B23C8E23AB6B80004AD1FC /* Resources */ = {
			isa = PBXResourcesBuildPhase;
			buildActionMask = 2147483647;
			files = (
			);
			runOnlyForDeploymentPostprocessing = 0;
		};
/* End PBXResourcesBuildPhase section */

/* Begin PBXSourcesBuildPhase section */
		89B23C8C23AB6B80004AD1FC /* Sources */ = {
			isa = PBXSourcesBuildPhase;
			buildActionMask = 2147483647;
			files = (
				89102EBB23AB91DE00DA5718 /* UIScrollView+XY.m in Sources */,
				89102EC523AB91DE00DA5718 /* NSObject+XY.m in Sources */,
				89102EB723AB91DE00DA5718 /* XYButtonSupport.m in Sources */,
				89102EC123AB91DE00DA5718 /* UIButton+XY.m in Sources */,
				89102EB923AB91DE00DA5718 /* UIColor+XY.m in Sources */,
				89102EBD23AB91DE00DA5718 /* XYApp.m in Sources */,
				89102EB423AB91DE00DA5718 /* XYViewSupport.m in Sources */,
				89102EB323AB91DE00DA5718 /* UIImage+XY.m in Sources */,
				89102EC223AB91DE00DA5718 /* UIView+XY.m in Sources */,
				89102EBE23AB91DE00DA5718 /* XYTabBarController.m in Sources */,
				89102ECB23AB92BC00DA5718 /* XYDevice.m in Sources */,
				89102EAC23AB91DE00DA5718 /* UIAlertController+XY.m in Sources */,
				89102EB023AB91DE00DA5718 /* UILabel+XY.m in Sources */,
				89102EB123AB91DE00DA5718 /* XYObjectSupport.m in Sources */,
			);
			runOnlyForDeploymentPostprocessing = 0;
		};
/* End PBXSourcesBuildPhase section */

/* Begin XCBuildConfiguration section */
		89B23C9623AB6B80004AD1FC /* Debug */ = {
			isa = XCBuildConfiguration;
			buildSettings = {
				ALWAYS_SEARCH_USER_PATHS = NO;
				CLANG_ANALYZER_NONNULL = YES;
				CLANG_ANALYZER_NUMBER_OBJECT_CONVERSION = YES_AGGRESSIVE;
				CLANG_CXX_LANGUAGE_STANDARD = "gnu++14";
				CLANG_CXX_LIBRARY = "libc++";
				CLANG_ENABLE_MODULES = YES;
				CLANG_ENABLE_OBJC_ARC = YES;
				CLANG_ENABLE_OBJC_WEAK = YES;
				CLANG_WARN_BLOCK_CAPTURE_AUTORELEASING = YES;
				CLANG_WARN_BOOL_CONVERSION = YES;
				CLANG_WARN_COMMA = YES;
				CLANG_WARN_CONSTANT_CONVERSION = YES;
				CLANG_WARN_DEPRECATED_OBJC_IMPLEMENTATIONS = YES;
				CLANG_WARN_DIRECT_OBJC_ISA_USAGE = YES_ERROR;
				CLANG_WARN_DOCUMENTATION_COMMENTS = YES;
				CLANG_WARN_EMPTY_BODY = YES;
				CLANG_WARN_ENUM_CONVERSION = YES;
				CLANG_WARN_INFINITE_RECURSION = YES;
				CLANG_WARN_INT_CONVERSION = YES;
				CLANG_WARN_NON_LITERAL_NULL_CONVERSION = YES;
				CLANG_WARN_OBJC_IMPLICIT_RETAIN_SELF = YES;
				CLANG_WARN_OBJC_LITERAL_CONVERSION = YES;
				CLANG_WARN_OBJC_ROOT_CLASS = YES_ERROR;
				CLANG_WARN_RANGE_LOOP_ANALYSIS = YES;
				CLANG_WARN_STRICT_PROTOTYPES = YES;
				CLANG_WARN_SUSPICIOUS_MOVE = YES;
				CLANG_WARN_UNGUARDED_AVAILABILITY = YES_AGGRESSIVE;
				CLANG_WARN_UNREACHABLE_CODE = YES;
				CLANG_WARN__DUPLICATE_METHOD_MATCH = YES;
				COPY_PHASE_STRIP = NO;
				CURRENT_PROJECT_VERSION = 1;
				DEBUG_INFORMATION_FORMAT = dwarf;
				ENABLE_STRICT_OBJC_MSGSEND = YES;
				ENABLE_TESTABILITY = YES;
				GCC_C_LANGUAGE_STANDARD = gnu11;
				GCC_DYNAMIC_NO_PIC = NO;
				GCC_NO_COMMON_BLOCKS = YES;
				GCC_OPTIMIZATION_LEVEL = 0;
				GCC_PREPROCESSOR_DEFINITIONS = (
					"DEBUG=1",
					"$(inherited)",
				);
				GCC_WARN_64_TO_32_BIT_CONVERSION = YES;
				GCC_WARN_ABOUT_RETURN_TYPE = YES_ERROR;
				GCC_WARN_UNDECLARED_SELECTOR = YES;
				GCC_WARN_UNINITIALIZED_AUTOS = YES_AGGRESSIVE;
				GCC_WARN_UNUSED_FUNCTION = YES;
				GCC_WARN_UNUSED_VARIABLE = YES;
				IPHONEOS_DEPLOYMENT_TARGET = 13.2;
				MTL_ENABLE_DEBUG_INFO = INCLUDE_SOURCE;
				MTL_FAST_MATH = YES;
				ONLY_ACTIVE_ARCH = YES;
				SDKROOT = iphoneos;
				VERSIONING_SYSTEM = "apple-generic";
				VERSION_INFO_PREFIX = "";
			};
			name = Debug;
		};
		89B23C9723AB6B80004AD1FC /* Release */ = {
			isa = XCBuildConfiguration;
			buildSettings = {
				ALWAYS_SEARCH_USER_PATHS = NO;
				CLANG_ANALYZER_NONNULL = YES;
				CLANG_ANALYZER_NUMBER_OBJECT_CONVERSION = YES_AGGRESSIVE;
				CLANG_CXX_LANGUAGE_STANDARD = "gnu++14";
				CLANG_CXX_LIBRARY = "libc++";
				CLANG_ENABLE_MODULES = YES;
				CLANG_ENABLE_OBJC_ARC = YES;
				CLANG_ENABLE_OBJC_WEAK = YES;
				CLANG_WARN_BLOCK_CAPTURE_AUTORELEASING = YES;
				CLANG_WARN_BOOL_CONVERSION = YES;
				CLANG_WARN_COMMA = YES;
				CLANG_WARN_CONSTANT_CONVERSION = YES;
				CLANG_WARN_DEPRECATED_OBJC_IMPLEMENTATIONS = YES;
				CLANG_WARN_DIRECT_OBJC_ISA_USAGE = YES_ERROR;
				CLANG_WARN_DOCUMENTATION_COMMENTS = YES;
				CLANG_WARN_EMPTY_BODY = YES;
				CLANG_WARN_ENUM_CONVERSION = YES;
				CLANG_WARN_INFINITE_RECURSION = YES;
				CLANG_WARN_INT_CONVERSION = YES;
				CLANG_WARN_NON_LITERAL_NULL_CONVERSION = YES;
				CLANG_WARN_OBJC_IMPLICIT_RETAIN_SELF = YES;
				CLANG_WARN_OBJC_LITERAL_CONVERSION = YES;
				CLANG_WARN_OBJC_ROOT_CLASS = YES_ERROR;
				CLANG_WARN_RANGE_LOOP_ANALYSIS = YES;
				CLANG_WARN_STRICT_PROTOTYPES = YES;
				CLANG_WARN_SUSPICIOUS_MOVE = YES;
				CLANG_WARN_UNGUARDED_AVAILABILITY = YES_AGGRESSIVE;
				CLANG_WARN_UNREACHABLE_CODE = YES;
				CLANG_WARN__DUPLICATE_METHOD_MATCH = YES;
				COPY_PHASE_STRIP = NO;
				CURRENT_PROJECT_VERSION = 1;
				DEBUG_INFORMATION_FORMAT = "dwarf-with-dsym";
				ENABLE_NS_ASSERTIONS = NO;
				ENABLE_STRICT_OBJC_MSGSEND = YES;
				GCC_C_LANGUAGE_STANDARD = gnu11;
				GCC_NO_COMMON_BLOCKS = YES;
				GCC_WARN_64_TO_32_BIT_CONVERSION = YES;
				GCC_WARN_ABOUT_RETURN_TYPE = YES_ERROR;
				GCC_WARN_UNDECLARED_SELECTOR = YES;
				GCC_WARN_UNINITIALIZED_AUTOS = YES_AGGRESSIVE;
				GCC_WARN_UNUSED_FUNCTION = YES;
				GCC_WARN_UNUSED_VARIABLE = YES;
				IPHONEOS_DEPLOYMENT_TARGET = 13.2;
				MTL_ENABLE_DEBUG_INFO = NO;
				MTL_FAST_MATH = YES;
				SDKROOT = iphoneos;
				VALIDATE_PRODUCT = YES;
				VERSIONING_SYSTEM = "apple-generic";
				VERSION_INFO_PREFIX = "";
			};
			name = Release;
		};
		89B23C9923AB6B80004AD1FC /* Debug */ = {
			isa = XCBuildConfiguration;
			buildSettings = {
				CODE_SIGN_STYLE = Automatic;
				DEFINES_MODULE = YES;
				DYLIB_COMPATIBILITY_VERSION = 1;
				DYLIB_CURRENT_VERSION = 1;
				DYLIB_INSTALL_NAME_BASE = "@rpath";
				INFOPLIST_FILE = XYSaber/Info.plist;
				INSTALL_PATH = "$(LOCAL_LIBRARY_DIR)/Frameworks";
				IPHONEOS_DEPLOYMENT_TARGET = 9.0;
				LD_RUNPATH_SEARCH_PATHS = (
					"$(inherited)",
					"@executable_path/Frameworks",
					"@loader_path/Frameworks",
				);
				MACH_O_TYPE = staticlib;
				MARKETING_VERSION = 1.0.5;
				ONLY_ACTIVE_ARCH = NO;
				PRODUCT_BUNDLE_IDENTIFIER = ios.XYSaber;
				PRODUCT_NAME = "$(TARGET_NAME:c99extidentifier)";
				SKIP_INSTALL = YES;
				SUPPORTS_MACCATALYST = NO;
				TARGETED_DEVICE_FAMILY = "1,2";
			};
			name = Debug;
		};
		89B23C9A23AB6B80004AD1FC /* Release */ = {
			isa = XCBuildConfiguration;
			buildSettings = {
				CODE_SIGN_STYLE = Automatic;
				DEFINES_MODULE = YES;
				DYLIB_COMPATIBILITY_VERSION = 1;
				DYLIB_CURRENT_VERSION = 1;
				DYLIB_INSTALL_NAME_BASE = "@rpath";
				INFOPLIST_FILE = XYSaber/Info.plist;
				INSTALL_PATH = "$(LOCAL_LIBRARY_DIR)/Frameworks";
				IPHONEOS_DEPLOYMENT_TARGET = 9.0;
				LD_RUNPATH_SEARCH_PATHS = (
					"$(inherited)",
					"@executable_path/Frameworks",
					"@loader_path/Frameworks",
				);
				MACH_O_TYPE = staticlib;
				MARKETING_VERSION = 1.0.5;
				ONLY_ACTIVE_ARCH = NO;
				PRODUCT_BUNDLE_IDENTIFIER = ios.XYSaber;
				PRODUCT_NAME = "$(TARGET_NAME:c99extidentifier)";
				SKIP_INSTALL = YES;
				SUPPORTS_MACCATALYST = NO;
				TARGETED_DEVICE_FAMILY = "1,2";
			};
			name = Release;
		};
/* End XCBuildConfiguration section */

/* Begin XCConfigurationList section */
		89B23C8A23AB6B80004AD1FC /* Build configuration list for PBXProject "XYSaber" */ = {
			isa = XCConfigurationList;
			buildConfigurations = (
				89B23C9623AB6B80004AD1FC /* Debug */,
				89B23C9723AB6B80004AD1FC /* Release */,
			);
			defaultConfigurationIsVisible = 0;
			defaultConfigurationName = Release;
		};
		89B23C9823AB6B80004AD1FC /* Build configuration list for PBXNativeTarget "XYSaber" */ = {
			isa = XCConfigurationList;
			buildConfigurations = (
				89B23C9923AB6B80004AD1FC /* Debug */,
				89B23C9A23AB6B80004AD1FC /* Release */,
			);
			defaultConfigurationIsVisible = 0;
			defaultConfigurationName = Release;
		};
/* End XCConfigurationList section */
	};
	rootObject = 89B23C8723AB6B80004AD1FC /* Project object */;
}
