// !$*UTF8*$!
{
	archiveVersion = 1;
	classes = {
	};
	objectVersion = 50;
	objects = {

/* Begin PBXBuildFile section */
		89102EAC23AB91DE00DA5718 /* UIAlertController+XY.m in Sources */ = {isa = PBXBuildFile; fileRef = 89102E9223AB91DC00DA5718 /* UIAlertController+XY.m */; };
		89102EAD23AB91DE00DA5718 /* UIAlertController+XY.h in Headers */ = {isa = PBXBuildFile; fileRef = 89102E9323AB91DC00DA5718 /* UIAlertController+XY.h */; settings = {ATTRIBUTES = (Public, ); }; };
		89102EAE23AB91DE00DA5718 /* UIColor+XY.h in Headers */ = {isa = PBXBuildFile; fileRef = 89102E9423AB91DC00DA5718 /* UIColor+XY.h */; settings = {ATTRIBUTES = (Public, ); }; };
		89102EAF23AB91DE00DA5718 /* XYViewSupport.h in Headers */ = {isa = PBXBuildFile; fileRef = 89102E9523AB91DC00DA5718 /* XYViewSupport.h */; };
		89102EB023AB91DE00DA5718 /* UILabel+XY.m in Sources */ = {isa = PBXBuildFile; fileRef = 89102E9623AB91DC00DA5718 /* UILabel+XY.m */; };
		89102EB123AB91DE00DA5718 /* XYObjectSupport.m in Sources */ = {isa = PBXBuildFile; fileRef = 89102E9723AB91DC00DA5718 /* XYObjectSupport.m */; };
		89102EB223AB91DE00DA5718 /* UIScrollView+XY.h in Headers */ = {isa = PBXBuildFile; fileRef = 89102E9823AB91DC00DA5718 /* UIScrollView+XY.h */; settings = {ATTRIBUTES = (Public, ); }; };
		89102EB323AB91DE00DA5718 /* UIImage+XY.m in Sources */ = {isa = PBXBuildFile; fileRef = 89102E9923AB91DC00DA5718 /* UIImage+XY.m */; };
		89102EB423AB91DE00DA5718 /* XYViewSupport.m in Sources */ = {isa = PBXBuildFile; fileRef = 89102E9A23AB91DC00DA5718 /* XYViewSupport.m */; };
		89102EB523AB91DE00DA5718 /* XYButtonSupport.h in Headers */ = {isa = PBXBuildFile; fileRef = 89102E9B23AB91DC00DA5718 /* XYButtonSupport.h */; };
		89102EB623AB91DE00DA5718 /* UIView+XY.h in Headers */ = {isa = PBXBuildFile; fileRef = 89102E9C23AB91DC00DA5718 /* UIView+XY.h */; settings = {ATTRIBUTES = (Public, ); }; };
		89102EB723AB91DE00DA5718 /* XYButtonSupport.m in Sources */ = {isa = PBXBuildFile; fileRef = 89102E9D23AB91DC00DA5718 /* XYButtonSupport.m */; };
		89102EB823AB91DE00DA5718 /* XYObjectSupport.h in Headers */ = {isa = PBXBuildFile; fileRef = 89102E9E23AB91DC00DA5718 /* XYObjectSupport.h */; };
		89102EB923AB91DE00DA5718 /* UIColor+XY.m in Sources */ = {isa = PBXBuildFile; fileRef = 89102E9F23AB91DC00DA5718 /* UIColor+XY.m */; };
		89102EBA23AB91DE00DA5718 /* UIButton+XY.h in Headers */ = {isa = PBXBuildFile; fileRef = 89102EA023AB91DC00DA5718 /* UIButton+XY.h */; settings = {ATTRIBUTES = (Public, ); }; };
		89102EBB23AB91DE00DA5718 /* UIScrollView+XY.m in Sources */ = {isa = PBXBuildFile; fileRef = 89102EA123AB91DD00DA5718 /* UIScrollView+XY.m */; };
		89102EBC23AB91DE00DA5718 /* UILabel+XY.h in Headers */ = {isa = PBXBuildFile; fileRef = 89102EA223AB91DD00DA5718 /* UILabel+XY.h */; settings = {ATTRIBUTES = (Public, ); }; };
		89102EBD23AB91DE00DA5718 /* XYApp.m in Sources */ = {isa = PBXBuildFile; fileRef = 89102EA323AB91DD00DA5718 /* XYApp.m */; };
		89102EC023AB91DE00DA5718 /* XYApp.h in Headers */ = {isa = PBXBuildFile; fileRef = 89102EA623AB91DD00DA5718 /* XYApp.h */; settings = {ATTRIBUTES = (Public, ); }; };
		89102EC123AB91DE00DA5718 /* UIButton+XY.m in Sources */ = {isa = PBXBuildFile; fileRef = 89102EA723AB91DD00DA5718 /* UIButton+XY.m */; };
		89102EC223AB91DE00DA5718 /* UIView+XY.m in Sources */ = {isa = PBXBuildFile; fileRef = 89102EA823AB91DD00DA5718 /* UIView+XY.m */; };
		89102EC323AB91DE00DA5718 /* NSObject+XY.h in Headers */ = {isa = PBXBuildFile; fileRef = 89102EA923AB91DD00DA5718 /* NSObject+XY.h */; settings = {ATTRIBUTES = (Public, ); }; };
		89102EC423AB91DE00DA5718 /* UIImage+XY.h in Headers */ = {isa = PBXBuildFile; fileRef = 89102EAA23AB91DD00DA5718 /* UIImage+XY.h */; settings = {ATTRIBUTES = (Public, ); }; };
		89102EC523AB91DE00DA5718 /* NSObject+XY.m in Sources */ = {isa = PBXBuildFile; fileRef = 89102EAB23AB91DD00DA5718 /* NSObject+XY.m */; };
		89102EC723AB922600DA5718 /* XYMacro.h in Headers */ = {isa = PBXBuildFile; fileRef = 89102EC623AB922600DA5718 /* XYMacro.h */; settings = {ATTRIBUTES = (Public, ); }; };
		89102ECA23AB92BC00DA5718 /* XYDevice.h in Headers */ = {isa = PBXBuildFile; fileRef = 89102EC823AB92BC00DA5718 /* XYDevice.h */; settings = {ATTRIBUTES = (Public, ); }; };
		89102ECB23AB92BC00DA5718 /* XYDevice.m in Sources */ = {isa = PBXBuildFile; fileRef = 89102EC923AB92BC00DA5718 /* XYDevice.m */; };
		89242B6E23B0FF87003B89D8 /* UITableView+IndexView.h in Headers */ = {isa = PBXBuildFile; fileRef = 89242B6C23B0FF87003B89D8 /* UITableView+IndexView.h */; settings = {ATTRIBUTES = (Public, ); }; };
		89242B6F23B0FF87003B89D8 /* UITableView+IndexView.m in Sources */ = {isa = PBXBuildFile; fileRef = 89242B6D23B0FF87003B89D8 /* UITableView+IndexView.m */; };
		893DB25523B0A60A00DF9CE8 /* UITableView+XY.m in Sources */ = {isa = PBXBuildFile; fileRef = 893DB24F23B0A60900DF9CE8 /* UITableView+XY.m */; };
		893DB25623B0A60A00DF9CE8 /* UITableViewCell+XY.h in Headers */ = {isa = PBXBuildFile; fileRef = 893DB25023B0A60900DF9CE8 /* UITableViewCell+XY.h */; settings = {ATTRIBUTES = (Public, ); }; };
		893DB25723B0A60A00DF9CE8 /* UITableViewCell+XY.m in Sources */ = {isa = PBXBuildFile; fileRef = 893DB25123B0A60A00DF9CE8 /* UITableViewCell+XY.m */; };
		893DB25823B0A60A00DF9CE8 /* UITableView+XY.h in Headers */ = {isa = PBXBuildFile; fileRef = 893DB25223B0A60A00DF9CE8 /* UITableView+XY.h */; settings = {ATTRIBUTES = (Public, ); }; };
		893DB25923B0A60A00DF9CE8 /* XYTableViewSupport.h in Headers */ = {isa = PBXBuildFile; fileRef = 893DB25323B0A60A00DF9CE8 /* XYTableViewSupport.h */; };
		893DB25A23B0A60A00DF9CE8 /* XYTableViewSupport.m in Sources */ = {isa = PBXBuildFile; fileRef = 893DB25423B0A60A00DF9CE8 /* XYTableViewSupport.m */; };
		8960B59D23ACF38300AA4B31 /* XYHttp.h in Headers */ = {isa = PBXBuildFile; fileRef = 8960B59B23ACF38300AA4B31 /* XYHttp.h */; settings = {ATTRIBUTES = (Public, ); }; };
		8960B59E23ACF38300AA4B31 /* XYHttp.m in Sources */ = {isa = PBXBuildFile; fileRef = 8960B59C23ACF38300AA4B31 /* XYHttp.m */; };
		89631A3725870AF000FA7E6E /* XYToast.h in Headers */ = {isa = PBXBuildFile; fileRef = 89631A3325870AEF00FA7E6E /* XYToast.h */; settings = {ATTRIBUTES = (Public, ); }; };
		89631A3825870AF000FA7E6E /* XYTabBarController.h in Headers */ = {isa = PBXBuildFile; fileRef = 89631A3425870AF000FA7E6E /* XYTabBarController.h */; settings = {ATTRIBUTES = (Public, ); }; };
		89631A3925870AF000FA7E6E /* XYTabBarController.m in Sources */ = {isa = PBXBuildFile; fileRef = 89631A3525870AF000FA7E6E /* XYTabBarController.m */; };
		89631A3A25870AF000FA7E6E /* XYToast.m in Sources */ = {isa = PBXBuildFile; fileRef = 89631A3625870AF000FA7E6E /* XYToast.m */; };
		89631A6925870FC000FA7E6E /* XYMASLayoutConstraint.h in Headers */ = {isa = PBXBuildFile; fileRef = 89631A5025870FBF00FA7E6E /* XYMASLayoutConstraint.h */; };
		89631A6A25870FC000FA7E6E /* XYMASConstraint.h in Headers */ = {isa = PBXBuildFile; fileRef = 89631A5125870FC000FA7E6E /* XYMASConstraint.h */; };
		89631A6B25870FC000FA7E6E /* NSLayoutConstraint+XYMASDebugAdditions.m in Sources */ = {isa = PBXBuildFile; fileRef = 89631A5225870FC000FA7E6E /* NSLayoutConstraint+XYMASDebugAdditions.m */; };
		89631A6C25870FC000FA7E6E /* View+XYMASAdditions.h in Headers */ = {isa = PBXBuildFile; fileRef = 89631A5325870FC000FA7E6E /* View+XYMASAdditions.h */; };
		89631A6D25870FC000FA7E6E /* NSArray+XYMASShorthandAdditions.h in Headers */ = {isa = PBXBuildFile; fileRef = 89631A5425870FC000FA7E6E /* NSArray+XYMASShorthandAdditions.h */; };
		89631A6E25870FC000FA7E6E /* XYMASViewAttribute.m in Sources */ = {isa = PBXBuildFile; fileRef = 89631A5525870FC000FA7E6E /* XYMASViewAttribute.m */; };
		89631A6F25870FC000FA7E6E /* XYMASConstraintMaker.h in Headers */ = {isa = PBXBuildFile; fileRef = 89631A5625870FC000FA7E6E /* XYMASConstraintMaker.h */; };
		89631A7025870FC000FA7E6E /* XYMASCompositeConstraint.h in Headers */ = {isa = PBXBuildFile; fileRef = 89631A5725870FC000FA7E6E /* XYMASCompositeConstraint.h */; };
		89631A7125870FC000FA7E6E /* XYMASViewConstraint.h in Headers */ = {isa = PBXBuildFile; fileRef = 89631A5825870FC000FA7E6E /* XYMASViewConstraint.h */; };
		89631A7225870FC000FA7E6E /* NSArray+XYMASAdditions.h in Headers */ = {isa = PBXBuildFile; fileRef = 89631A5925870FC000FA7E6E /* NSArray+XYMASAdditions.h */; };
		89631A7325870FC000FA7E6E /* MASConstraint+XYPrivate.h in Headers */ = {isa = PBXBuildFile; fileRef = 89631A5A25870FC000FA7E6E /* MASConstraint+XYPrivate.h */; };
		89631A7425870FC000FA7E6E /* ViewController+XYMASAdditions.h in Headers */ = {isa = PBXBuildFile; fileRef = 89631A5B25870FC000FA7E6E /* ViewController+XYMASAdditions.h */; };
		89631A7525870FC000FA7E6E /* View+XYMASAdditions.m in Sources */ = {isa = PBXBuildFile; fileRef = 89631A5C25870FC000FA7E6E /* View+XYMASAdditions.m */; };
		89631A7625870FC000FA7E6E /* NSLayoutConstraint+XYMASDebugAdditions.h in Headers */ = {isa = PBXBuildFile; fileRef = 89631A5D25870FC000FA7E6E /* NSLayoutConstraint+XYMASDebugAdditions.h */; };
		89631A7725870FC000FA7E6E /* XYMASConstraint.m in Sources */ = {isa = PBXBuildFile; fileRef = 89631A5E25870FC000FA7E6E /* XYMASConstraint.m */; };
		89631A7825870FC000FA7E6E /* XYMASLayoutConstraint.m in Sources */ = {isa = PBXBuildFile; fileRef = 89631A5F25870FC000FA7E6E /* XYMASLayoutConstraint.m */; };
		89631A7925870FC000FA7E6E /* XYMASUtilities.h in Headers */ = {isa = PBXBuildFile; fileRef = 89631A6025870FC000FA7E6E /* XYMASUtilities.h */; };
		89631A7A25870FC000FA7E6E /* XYMASConstraintMaker.m in Sources */ = {isa = PBXBuildFile; fileRef = 89631A6125870FC000FA7E6E /* XYMASConstraintMaker.m */; };
		89631A7B25870FC000FA7E6E /* XYMasonry.h in Headers */ = {isa = PBXBuildFile; fileRef = 89631A6225870FC000FA7E6E /* XYMasonry.h */; };
		89631A7C25870FC000FA7E6E /* XYMASViewAttribute.h in Headers */ = {isa = PBXBuildFile; fileRef = 89631A6325870FC000FA7E6E /* XYMASViewAttribute.h */; };
		89631A7D25870FC000FA7E6E /* XYMASCompositeConstraint.m in Sources */ = {isa = PBXBuildFile; fileRef = 89631A6425870FC000FA7E6E /* XYMASCompositeConstraint.m */; };
		89631A7E25870FC000FA7E6E /* View+XYMASShorthandAdditions.h in Headers */ = {isa = PBXBuildFile; fileRef = 89631A6525870FC000FA7E6E /* View+XYMASShorthandAdditions.h */; };
		89631A7F25870FC000FA7E6E /* ViewController+XYMASAdditions.m in Sources */ = {isa = PBXBuildFile; fileRef = 89631A6625870FC000FA7E6E /* ViewController+XYMASAdditions.m */; };
		89631A8025870FC000FA7E6E /* NSArray+XYMASAdditions.m in Sources */ = {isa = PBXBuildFile; fileRef = 89631A6725870FC000FA7E6E /* NSArray+XYMASAdditions.m */; };
		89631A8125870FC000FA7E6E /* XYMASViewConstraint.m in Sources */ = {isa = PBXBuildFile; fileRef = 89631A6825870FC000FA7E6E /* XYMASViewConstraint.m */; };
		89631A852587103700FA7E6E /* UIGestureRecognizer+XY.m in Sources */ = {isa = PBXBuildFile; fileRef = 89631A832587103700FA7E6E /* UIGestureRecognizer+XY.m */; };
		89631A862587103700FA7E6E /* UIGestureRecognizer+XY.h in Headers */ = {isa = PBXBuildFile; fileRef = 89631A842587103700FA7E6E /* UIGestureRecognizer+XY.h */; };
		896DCA3D23CF04D200CC5CC1 /* XYImageViewSupport.m in Sources */ = {isa = PBXBuildFile; fileRef = 896DCA3923CF04D200CC5CC1 /* XYImageViewSupport.m */; };
		896DCA3E23CF04D200CC5CC1 /* UIImageView+XY.h in Headers */ = {isa = PBXBuildFile; fileRef = 896DCA3A23CF04D200CC5CC1 /* UIImageView+XY.h */; settings = {ATTRIBUTES = (Public, ); }; };
		896DCA3F23CF04D200CC5CC1 /* UIImageView+XY.m in Sources */ = {isa = PBXBuildFile; fileRef = 896DCA3B23CF04D200CC5CC1 /* UIImageView+XY.m */; };
		896DCA4023CF04D200CC5CC1 /* XYImageViewSupport.h in Headers */ = {isa = PBXBuildFile; fileRef = 896DCA3C23CF04D200CC5CC1 /* XYImageViewSupport.h */; };
		896DCA4323CF058600CC5CC1 /* NSThread+XY.h in Headers */ = {isa = PBXBuildFile; fileRef = 896DCA4123CF058500CC5CC1 /* NSThread+XY.h */; settings = {ATTRIBUTES = (Public, ); }; };
		896DCA4423CF058600CC5CC1 /* NSThread+XY.m in Sources */ = {isa = PBXBuildFile; fileRef = 896DCA4223CF058500CC5CC1 /* NSThread+XY.m */; };
		896DCA4723CF059F00CC5CC1 /* XYMedia.h in Headers */ = {isa = PBXBuildFile; fileRef = 896DCA4523CF059F00CC5CC1 /* XYMedia.h */; settings = {ATTRIBUTES = (Public, ); }; };
		896DCA4823CF059F00CC5CC1 /* XYMedia.m in Sources */ = {isa = PBXBuildFile; fileRef = 896DCA4623CF059F00CC5CC1 /* XYMedia.m */; };
		89901A3A240D301300B76709 /* NSString+XY.h in Headers */ = {isa = PBXBuildFile; fileRef = 89901A38240D301300B76709 /* NSString+XY.h */; settings = {ATTRIBUTES = (Public, ); }; };
		89901A3B240D301300B76709 /* NSString+XY.m in Sources */ = {isa = PBXBuildFile; fileRef = 89901A39240D301300B76709 /* NSString+XY.m */; };
		89A1460F23B32CE700B2DE57 /* UICollectionView+XY.m in Sources */ = {isa = PBXBuildFile; fileRef = 89A1460B23B32CE700B2DE57 /* UICollectionView+XY.m */; };
		89A1461023B32CE700B2DE57 /* UICollectionViewCell+XY.m in Sources */ = {isa = PBXBuildFile; fileRef = 89A1460C23B32CE700B2DE57 /* UICollectionViewCell+XY.m */; };
		89A1461123B32CE700B2DE57 /* UICollectionViewCell+XY.h in Headers */ = {isa = PBXBuildFile; fileRef = 89A1460D23B32CE700B2DE57 /* UICollectionViewCell+XY.h */; settings = {ATTRIBUTES = (Public, ); }; };
		89A1461223B32CE700B2DE57 /* UICollectionView+XY.h in Headers */ = {isa = PBXBuildFile; fileRef = 89A1460E23B32CE700B2DE57 /* UICollectionView+XY.h */; settings = {ATTRIBUTES = (Public, ); }; };
		89EF002123B089C900192A75 /* XYHint.h in Headers */ = {isa = PBXBuildFile; fileRef = 89EF001D23B089C900192A75 /* XYHint.h */; settings = {ATTRIBUTES = (Public, ); }; };
		89EF002223B089C900192A75 /* XYTimer.h in Headers */ = {isa = PBXBuildFile; fileRef = 89EF001E23B089C900192A75 /* XYTimer.h */; settings = {ATTRIBUTES = (Public, ); }; };
		89EF002323B089C900192A75 /* XYTimer.m in Sources */ = {isa = PBXBuildFile; fileRef = 89EF001F23B089C900192A75 /* XYTimer.m */; };
		89EF002423B089C900192A75 /* XYHint.m in Sources */ = {isa = PBXBuildFile; fileRef = 89EF002023B089C900192A75 /* XYHint.m */; };
		89EFFFBE23B05DBD00192A75 /* UITextField+XY.h in Headers */ = {isa = PBXBuildFile; fileRef = 89EFFFBC23B05DBD00192A75 /* UITextField+XY.h */; settings = {ATTRIBUTES = (Public, ); }; };
		89EFFFBF23B05DBE00192A75 /* UITextField+XY.m in Sources */ = {isa = PBXBuildFile; fileRef = 89EFFFBD23B05DBD00192A75 /* UITextField+XY.m */; };
/* End PBXBuildFile section */

/* Begin PBXFileReference section */
		89102E9223AB91DC00DA5718 /* UIAlertController+XY.m */ = {isa = PBXFileReference; fileEncoding = 4; lastKnownFileType = sourcecode.c.objc; path = "UIAlertController+XY.m"; sourceTree = "<group>"; };
		89102E9323AB91DC00DA5718 /* UIAlertController+XY.h */ = {isa = PBXFileReference; fileEncoding = 4; lastKnownFileType = sourcecode.c.h; path = "UIAlertController+XY.h"; sourceTree = "<group>"; };
		89102E9423AB91DC00DA5718 /* UIColor+XY.h */ = {isa = PBXFileReference; fileEncoding = 4; lastKnownFileType = sourcecode.c.h; path = "UIColor+XY.h"; sourceTree = "<group>"; };
		89102E9523AB91DC00DA5718 /* XYViewSupport.h */ = {isa = PBXFileReference; fileEncoding = 4; lastKnownFileType = sourcecode.c.h; path = XYViewSupport.h; sourceTree = "<group>"; };
		89102E9623AB91DC00DA5718 /* UILabel+XY.m */ = {isa = PBXFileReference; fileEncoding = 4; lastKnownFileType = sourcecode.c.objc; path = "UILabel+XY.m"; sourceTree = "<group>"; };
		89102E9723AB91DC00DA5718 /* XYObjectSupport.m */ = {isa = PBXFileReference; fileEncoding = 4; lastKnownFileType = sourcecode.c.objc; path = XYObjectSupport.m; sourceTree = "<group>"; };
		89102E9823AB91DC00DA5718 /* UIScrollView+XY.h */ = {isa = PBXFileReference; fileEncoding = 4; lastKnownFileType = sourcecode.c.h; path = "UIScrollView+XY.h"; sourceTree = "<group>"; };
		89102E9923AB91DC00DA5718 /* UIImage+XY.m */ = {isa = PBXFileReference; fileEncoding = 4; lastKnownFileType = sourcecode.c.objc; path = "UIImage+XY.m"; sourceTree = "<group>"; };
		89102E9A23AB91DC00DA5718 /* XYViewSupport.m */ = {isa = PBXFileReference; fileEncoding = 4; lastKnownFileType = sourcecode.c.objc; path = XYViewSupport.m; sourceTree = "<group>"; };
		89102E9B23AB91DC00DA5718 /* XYButtonSupport.h */ = {isa = PBXFileReference; fileEncoding = 4; lastKnownFileType = sourcecode.c.h; path = XYButtonSupport.h; sourceTree = "<group>"; };
		89102E9C23AB91DC00DA5718 /* UIView+XY.h */ = {isa = PBXFileReference; fileEncoding = 4; lastKnownFileType = sourcecode.c.h; path = "UIView+XY.h"; sourceTree = "<group>"; };
		89102E9D23AB91DC00DA5718 /* XYButtonSupport.m */ = {isa = PBXFileReference; fileEncoding = 4; lastKnownFileType = sourcecode.c.objc; path = XYButtonSupport.m; sourceTree = "<group>"; };
		89102E9E23AB91DC00DA5718 /* XYObjectSupport.h */ = {isa = PBXFileReference; fileEncoding = 4; lastKnownFileType = sourcecode.c.h; path = XYObjectSupport.h; sourceTree = "<group>"; };
		89102E9F23AB91DC00DA5718 /* UIColor+XY.m */ = {isa = PBXFileReference; fileEncoding = 4; lastKnownFileType = sourcecode.c.objc; path = "UIColor+XY.m"; sourceTree = "<group>"; };
		89102EA023AB91DC00DA5718 /* UIButton+XY.h */ = {isa = PBXFileReference; fileEncoding = 4; lastKnownFileType = sourcecode.c.h; path = "UIButton+XY.h"; sourceTree = "<group>"; };
		89102EA123AB91DD00DA5718 /* UIScrollView+XY.m */ = {isa = PBXFileReference; fileEncoding = 4; lastKnownFileType = sourcecode.c.objc; path = "UIScrollView+XY.m"; sourceTree = "<group>"; };
		89102EA223AB91DD00DA5718 /* UILabel+XY.h */ = {isa = PBXFileReference; fileEncoding = 4; lastKnownFileType = sourcecode.c.h; path = "UILabel+XY.h"; sourceTree = "<group>"; };
		89102EA323AB91DD00DA5718 /* XYApp.m */ = {isa = PBXFileReference; fileEncoding = 4; lastKnownFileType = sourcecode.c.objc; path = XYApp.m; sourceTree = "<group>"; };
		89102EA623AB91DD00DA5718 /* XYApp.h */ = {isa = PBXFileReference; fileEncoding = 4; lastKnownFileType = sourcecode.c.h; path = XYApp.h; sourceTree = "<group>"; };
		89102EA723AB91DD00DA5718 /* UIButton+XY.m */ = {isa = PBXFileReference; fileEncoding = 4; lastKnownFileType = sourcecode.c.objc; path = "UIButton+XY.m"; sourceTree = "<group>"; };
		89102EA823AB91DD00DA5718 /* UIView+XY.m */ = {isa = PBXFileReference; fileEncoding = 4; lastKnownFileType = sourcecode.c.objc; path = "UIView+XY.m"; sourceTree = "<group>"; };
		89102EA923AB91DD00DA5718 /* NSObject+XY.h */ = {isa = PBXFileReference; fileEncoding = 4; lastKnownFileType = sourcecode.c.h; path = "NSObject+XY.h"; sourceTree = "<group>"; };
		89102EAA23AB91DD00DA5718 /* UIImage+XY.h */ = {isa = PBXFileReference; fileEncoding = 4; lastKnownFileType = sourcecode.c.h; path = "UIImage+XY.h"; sourceTree = "<group>"; };
		89102EAB23AB91DD00DA5718 /* NSObject+XY.m */ = {isa = PBXFileReference; fileEncoding = 4; lastKnownFileType = sourcecode.c.objc; path = "NSObject+XY.m"; sourceTree = "<group>"; };
		89102EC623AB922600DA5718 /* XYMacro.h */ = {isa = PBXFileReference; lastKnownFileType = sourcecode.c.h; path = XYMacro.h; sourceTree = "<group>"; };
		89102EC823AB92BC00DA5718 /* XYDevice.h */ = {isa = PBXFileReference; fileEncoding = 4; lastKnownFileType = sourcecode.c.h; path = XYDevice.h; sourceTree = "<group>"; };
		89102EC923AB92BC00DA5718 /* XYDevice.m */ = {isa = PBXFileReference; fileEncoding = 4; lastKnownFileType = sourcecode.c.objc; path = XYDevice.m; sourceTree = "<group>"; };
		89242B6C23B0FF87003B89D8 /* UITableView+IndexView.h */ = {isa = PBXFileReference; fileEncoding = 4; lastKnownFileType = sourcecode.c.h; path = "UITableView+IndexView.h"; sourceTree = "<group>"; };
		89242B6D23B0FF87003B89D8 /* UITableView+IndexView.m */ = {isa = PBXFileReference; fileEncoding = 4; lastKnownFileType = sourcecode.c.objc; path = "UITableView+IndexView.m"; sourceTree = "<group>"; };
		893DB24F23B0A60900DF9CE8 /* UITableView+XY.m */ = {isa = PBXFileReference; fileEncoding = 4; lastKnownFileType = sourcecode.c.objc; path = "UITableView+XY.m"; sourceTree = "<group>"; };
		893DB25023B0A60900DF9CE8 /* UITableViewCell+XY.h */ = {isa = PBXFileReference; fileEncoding = 4; lastKnownFileType = sourcecode.c.h; path = "UITableViewCell+XY.h"; sourceTree = "<group>"; };
		893DB25123B0A60A00DF9CE8 /* UITableViewCell+XY.m */ = {isa = PBXFileReference; fileEncoding = 4; lastKnownFileType = sourcecode.c.objc; path = "UITableViewCell+XY.m"; sourceTree = "<group>"; };
		893DB25223B0A60A00DF9CE8 /* UITableView+XY.h */ = {isa = PBXFileReference; fileEncoding = 4; lastKnownFileType = sourcecode.c.h; path = "UITableView+XY.h"; sourceTree = "<group>"; };
		893DB25323B0A60A00DF9CE8 /* XYTableViewSupport.h */ = {isa = PBXFileReference; fileEncoding = 4; lastKnownFileType = sourcecode.c.h; path = XYTableViewSupport.h; sourceTree = "<group>"; };
		893DB25423B0A60A00DF9CE8 /* XYTableViewSupport.m */ = {isa = PBXFileReference; fileEncoding = 4; lastKnownFileType = sourcecode.c.objc; path = XYTableViewSupport.m; sourceTree = "<group>"; };
		8960B59B23ACF38300AA4B31 /* XYHttp.h */ = {isa = PBXFileReference; fileEncoding = 4; lastKnownFileType = sourcecode.c.h; path = XYHttp.h; sourceTree = "<group>"; };
		8960B59C23ACF38300AA4B31 /* XYHttp.m */ = {isa = PBXFileReference; fileEncoding = 4; lastKnownFileType = sourcecode.c.objc; path = XYHttp.m; sourceTree = "<group>"; };
		89631A3325870AEF00FA7E6E /* XYToast.h */ = {isa = PBXFileReference; fileEncoding = 4; lastKnownFileType = sourcecode.c.h; path = XYToast.h; sourceTree = "<group>"; };
		89631A3425870AF000FA7E6E /* XYTabBarController.h */ = {isa = PBXFileReference; fileEncoding = 4; lastKnownFileType = sourcecode.c.h; path = XYTabBarController.h; sourceTree = "<group>"; };
		89631A3525870AF000FA7E6E /* XYTabBarController.m */ = {isa = PBXFileReference; fileEncoding = 4; lastKnownFileType = sourcecode.c.objc; path = XYTabBarController.m; sourceTree = "<group>"; };
		89631A3625870AF000FA7E6E /* XYToast.m */ = {isa = PBXFileReference; fileEncoding = 4; lastKnownFileType = sourcecode.c.objc; path = XYToast.m; sourceTree = "<group>"; };
		89631A5025870FBF00FA7E6E /* XYMASLayoutConstraint.h */ = {isa = PBXFileReference; fileEncoding = 4; lastKnownFileType = sourcecode.c.h; path = XYMASLayoutConstraint.h; sourceTree = "<group>"; };
		89631A5125870FC000FA7E6E /* XYMASConstraint.h */ = {isa = PBXFileReference; fileEncoding = 4; lastKnownFileType = sourcecode.c.h; path = XYMASConstraint.h; sourceTree = "<group>"; };
		89631A5225870FC000FA7E6E /* NSLayoutConstraint+XYMASDebugAdditions.m */ = {isa = PBXFileReference; fileEncoding = 4; lastKnownFileType = sourcecode.c.objc; path = "NSLayoutConstraint+XYMASDebugAdditions.m"; sourceTree = "<group>"; };
		89631A5325870FC000FA7E6E /* View+XYMASAdditions.h */ = {isa = PBXFileReference; fileEncoding = 4; lastKnownFileType = sourcecode.c.h; path = "View+XYMASAdditions.h"; sourceTree = "<group>"; };
		89631A5425870FC000FA7E6E /* NSArray+XYMASShorthandAdditions.h */ = {isa = PBXFileReference; fileEncoding = 4; lastKnownFileType = sourcecode.c.h; path = "NSArray+XYMASShorthandAdditions.h"; sourceTree = "<group>"; };
		89631A5525870FC000FA7E6E /* XYMASViewAttribute.m */ = {isa = PBXFileReference; fileEncoding = 4; lastKnownFileType = sourcecode.c.objc; path = XYMASViewAttribute.m; sourceTree = "<group>"; };
		89631A5625870FC000FA7E6E /* XYMASConstraintMaker.h */ = {isa = PBXFileReference; fileEncoding = 4; lastKnownFileType = sourcecode.c.h; path = XYMASConstraintMaker.h; sourceTree = "<group>"; };
		89631A5725870FC000FA7E6E /* XYMASCompositeConstraint.h */ = {isa = PBXFileReference; fileEncoding = 4; lastKnownFileType = sourcecode.c.h; path = XYMASCompositeConstraint.h; sourceTree = "<group>"; };
		89631A5825870FC000FA7E6E /* XYMASViewConstraint.h */ = {isa = PBXFileReference; fileEncoding = 4; lastKnownFileType = sourcecode.c.h; path = XYMASViewConstraint.h; sourceTree = "<group>"; };
		89631A5925870FC000FA7E6E /* NSArray+XYMASAdditions.h */ = {isa = PBXFileReference; fileEncoding = 4; lastKnownFileType = sourcecode.c.h; path = "NSArray+XYMASAdditions.h"; sourceTree = "<group>"; };
		89631A5A25870FC000FA7E6E /* MASConstraint+XYPrivate.h */ = {isa = PBXFileReference; fileEncoding = 4; lastKnownFileType = sourcecode.c.h; path = "MASConstraint+XYPrivate.h"; sourceTree = "<group>"; };
		89631A5B25870FC000FA7E6E /* ViewController+XYMASAdditions.h */ = {isa = PBXFileReference; fileEncoding = 4; lastKnownFileType = sourcecode.c.h; path = "ViewController+XYMASAdditions.h"; sourceTree = "<group>"; };
		89631A5C25870FC000FA7E6E /* View+XYMASAdditions.m */ = {isa = PBXFileReference; fileEncoding = 4; lastKnownFileType = sourcecode.c.objc; path = "View+XYMASAdditions.m"; sourceTree = "<group>"; };
		89631A5D25870FC000FA7E6E /* NSLayoutConstraint+XYMASDebugAdditions.h */ = {isa = PBXFileReference; fileEncoding = 4; lastKnownFileType = sourcecode.c.h; path = "NSLayoutConstraint+XYMASDebugAdditions.h"; sourceTree = "<group>"; };
		89631A5E25870FC000FA7E6E /* XYMASConstraint.m */ = {isa = PBXFileReference; fileEncoding = 4; lastKnownFileType = sourcecode.c.objc; path = XYMASConstraint.m; sourceTree = "<group>"; };
		89631A5F25870FC000FA7E6E /* XYMASLayoutConstraint.m */ = {isa = PBXFileReference; fileEncoding = 4; lastKnownFileType = sourcecode.c.objc; path = XYMASLayoutConstraint.m; sourceTree = "<group>"; };
		89631A6025870FC000FA7E6E /* XYMASUtilities.h */ = {isa = PBXFileReference; fileEncoding = 4; lastKnownFileType = sourcecode.c.h; path = XYMASUtilities.h; sourceTree = "<group>"; };
		89631A6125870FC000FA7E6E /* XYMASConstraintMaker.m */ = {isa = PBXFileReference; fileEncoding = 4; lastKnownFileType = sourcecode.c.objc; path = XYMASConstraintMaker.m; sourceTree = "<group>"; };
		89631A6225870FC000FA7E6E /* XYMasonry.h */ = {isa = PBXFileReference; fileEncoding = 4; lastKnownFileType = sourcecode.c.h; path = XYMasonry.h; sourceTree = "<group>"; };
		89631A6325870FC000FA7E6E /* XYMASViewAttribute.h */ = {isa = PBXFileReference; fileEncoding = 4; lastKnownFileType = sourcecode.c.h; path = XYMASViewAttribute.h; sourceTree = "<group>"; };
		89631A6425870FC000FA7E6E /* XYMASCompositeConstraint.m */ = {isa = PBXFileReference; fileEncoding = 4; lastKnownFileType = sourcecode.c.objc; path = XYMASCompositeConstraint.m; sourceTree = "<group>"; };
		89631A6525870FC000FA7E6E /* View+XYMASShorthandAdditions.h */ = {isa = PBXFileReference; fileEncoding = 4; lastKnownFileType = sourcecode.c.h; path = "View+XYMASShorthandAdditions.h"; sourceTree = "<group>"; };
		89631A6625870FC000FA7E6E /* ViewController+XYMASAdditions.m */ = {isa = PBXFileReference; fileEncoding = 4; lastKnownFileType = sourcecode.c.objc; path = "ViewController+XYMASAdditions.m"; sourceTree = "<group>"; };
		89631A6725870FC000FA7E6E /* NSArray+XYMASAdditions.m */ = {isa = PBXFileReference; fileEncoding = 4; lastKnownFileType = sourcecode.c.objc; path = "NSArray+XYMASAdditions.m"; sourceTree = "<group>"; };
		89631A6825870FC000FA7E6E /* XYMASViewConstraint.m */ = {isa = PBXFileReference; fileEncoding = 4; lastKnownFileType = sourcecode.c.objc; path = XYMASViewConstraint.m; sourceTree = "<group>"; };
		89631A832587103700FA7E6E /* UIGestureRecognizer+XY.m */ = {isa = PBXFileReference; fileEncoding = 4; lastKnownFileType = sourcecode.c.objc; path = "UIGestureRecognizer+XY.m"; sourceTree = "<group>"; };
		89631A842587103700FA7E6E /* UIGestureRecognizer+XY.h */ = {isa = PBXFileReference; fileEncoding = 4; lastKnownFileType = sourcecode.c.h; path = "UIGestureRecognizer+XY.h"; sourceTree = "<group>"; };
		896DCA3923CF04D200CC5CC1 /* XYImageViewSupport.m */ = {isa = PBXFileReference; fileEncoding = 4; lastKnownFileType = sourcecode.c.objc; path = XYImageViewSupport.m; sourceTree = "<group>"; };
		896DCA3A23CF04D200CC5CC1 /* UIImageView+XY.h */ = {isa = PBXFileReference; fileEncoding = 4; lastKnownFileType = sourcecode.c.h; path = "UIImageView+XY.h"; sourceTree = "<group>"; };
		896DCA3B23CF04D200CC5CC1 /* UIImageView+XY.m */ = {isa = PBXFileReference; fileEncoding = 4; lastKnownFileType = sourcecode.c.objc; path = "UIImageView+XY.m"; sourceTree = "<group>"; };
		896DCA3C23CF04D200CC5CC1 /* XYImageViewSupport.h */ = {isa = PBXFileReference; fileEncoding = 4; lastKnownFileType = sourcecode.c.h; path = XYImageViewSupport.h; sourceTree = "<group>"; };
		896DCA4123CF058500CC5CC1 /* NSThread+XY.h */ = {isa = PBXFileReference; fileEncoding = 4; lastKnownFileType = sourcecode.c.h; path = "NSThread+XY.h"; sourceTree = "<group>"; };
		896DCA4223CF058500CC5CC1 /* NSThread+XY.m */ = {isa = PBXFileReference; fileEncoding = 4; lastKnownFileType = sourcecode.c.objc; path = "NSThread+XY.m"; sourceTree = "<group>"; };
		896DCA4523CF059F00CC5CC1 /* XYMedia.h */ = {isa = PBXFileReference; fileEncoding = 4; lastKnownFileType = sourcecode.c.h; path = XYMedia.h; sourceTree = "<group>"; };
		896DCA4623CF059F00CC5CC1 /* XYMedia.m */ = {isa = PBXFileReference; fileEncoding = 4; lastKnownFileType = sourcecode.c.objc; path = XYMedia.m; sourceTree = "<group>"; };
		89901A38240D301300B76709 /* NSString+XY.h */ = {isa = PBXFileReference; fileEncoding = 4; lastKnownFileType = sourcecode.c.h; path = "NSString+XY.h"; sourceTree = "<group>"; };
		89901A39240D301300B76709 /* NSString+XY.m */ = {isa = PBXFileReference; fileEncoding = 4; lastKnownFileType = sourcecode.c.objc; path = "NSString+XY.m"; sourceTree = "<group>"; };
		89A1460B23B32CE700B2DE57 /* UICollectionView+XY.m */ = {isa = PBXFileReference; fileEncoding = 4; lastKnownFileType = sourcecode.c.objc; path = "UICollectionView+XY.m"; sourceTree = "<group>"; };
		89A1460C23B32CE700B2DE57 /* UICollectionViewCell+XY.m */ = {isa = PBXFileReference; fileEncoding = 4; lastKnownFileType = sourcecode.c.objc; path = "UICollectionViewCell+XY.m"; sourceTree = "<group>"; };
		89A1460D23B32CE700B2DE57 /* UICollectionViewCell+XY.h */ = {isa = PBXFileReference; fileEncoding = 4; lastKnownFileType = sourcecode.c.h; path = "UICollectionViewCell+XY.h"; sourceTree = "<group>"; };
		89A1460E23B32CE700B2DE57 /* UICollectionView+XY.h */ = {isa = PBXFileReference; fileEncoding = 4; lastKnownFileType = sourcecode.c.h; path = "UICollectionView+XY.h"; sourceTree = "<group>"; };
		89B23C9023AB6B80004AD1FC /* XYSaber.framework */ = {isa = PBXFileReference; explicitFileType = wrapper.framework; includeInIndex = 0; path = XYSaber.framework; sourceTree = BUILT_PRODUCTS_DIR; };
		89B23C9423AB6B80004AD1FC /* Info.plist */ = {isa = PBXFileReference; lastKnownFileType = text.plist.xml; path = Info.plist; sourceTree = "<group>"; };
		89EF001D23B089C900192A75 /* XYHint.h */ = {isa = PBXFileReference; fileEncoding = 4; lastKnownFileType = sourcecode.c.h; path = XYHint.h; sourceTree = "<group>"; };
		89EF001E23B089C900192A75 /* XYTimer.h */ = {isa = PBXFileReference; fileEncoding = 4; lastKnownFileType = sourcecode.c.h; path = XYTimer.h; sourceTree = "<group>"; };
		89EF001F23B089C900192A75 /* XYTimer.m */ = {isa = PBXFileReference; fileEncoding = 4; lastKnownFileType = sourcecode.c.objc; path = XYTimer.m; sourceTree = "<group>"; };
		89EF002023B089C900192A75 /* XYHint.m */ = {isa = PBXFileReference; fileEncoding = 4; lastKnownFileType = sourcecode.c.objc; path = XYHint.m; sourceTree = "<group>"; };
		89EFFFBC23B05DBD00192A75 /* UITextField+XY.h */ = {isa = PBXFileReference; fileEncoding = 4; lastKnownFileType = sourcecode.c.h; path = "UITextField+XY.h"; sourceTree = "<group>"; };
		89EFFFBD23B05DBD00192A75 /* UITextField+XY.m */ = {isa = PBXFileReference; fileEncoding = 4; lastKnownFileType = sourcecode.c.objc; path = "UITextField+XY.m"; sourceTree = "<group>"; };
/* End PBXFileReference section */

/* Begin PBXFrameworksBuildPhase section */
		89B23C8D23AB6B80004AD1FC /* Frameworks */ = {
			isa = PBXFrameworksBuildPhase;
			buildActionMask = 2147483647;
			files = (
			);
			runOnlyForDeploymentPostprocessing = 0;
		};
/* End PBXFrameworksBuildPhase section */

/* Begin PBXGroup section */
		89631A4F25870FBF00FA7E6E /* XYMasonry */ = {
			isa = PBXGroup;
			children = (
				89631A5025870FBF00FA7E6E /* XYMASLayoutConstraint.h */,
				89631A5125870FC000FA7E6E /* XYMASConstraint.h */,
				89631A5225870FC000FA7E6E /* NSLayoutConstraint+XYMASDebugAdditions.m */,
				89631A5325870FC000FA7E6E /* View+XYMASAdditions.h */,
				89631A5425870FC000FA7E6E /* NSArray+XYMASShorthandAdditions.h */,
				89631A5525870FC000FA7E6E /* XYMASViewAttribute.m */,
				89631A5625870FC000FA7E6E /* XYMASConstraintMaker.h */,
				89631A5725870FC000FA7E6E /* XYMASCompositeConstraint.h */,
				89631A5825870FC000FA7E6E /* XYMASViewConstraint.h */,
				89631A5925870FC000FA7E6E /* NSArray+XYMASAdditions.h */,
				89631A5A25870FC000FA7E6E /* MASConstraint+XYPrivate.h */,
				89631A5B25870FC000FA7E6E /* ViewController+XYMASAdditions.h */,
				89631A5C25870FC000FA7E6E /* View+XYMASAdditions.m */,
				89631A5D25870FC000FA7E6E /* NSLayoutConstraint+XYMASDebugAdditions.h */,
				89631A5E25870FC000FA7E6E /* XYMASConstraint.m */,
				89631A5F25870FC000FA7E6E /* XYMASLayoutConstraint.m */,
				89631A6025870FC000FA7E6E /* XYMASUtilities.h */,
				89631A6125870FC000FA7E6E /* XYMASConstraintMaker.m */,
				89631A6225870FC000FA7E6E /* XYMasonry.h */,
				89631A6325870FC000FA7E6E /* XYMASViewAttribute.h */,
				89631A6425870FC000FA7E6E /* XYMASCompositeConstraint.m */,
				89631A6525870FC000FA7E6E /* View+XYMASShorthandAdditions.h */,
				89631A6625870FC000FA7E6E /* ViewController+XYMASAdditions.m */,
				89631A6725870FC000FA7E6E /* NSArray+XYMASAdditions.m */,
				89631A6825870FC000FA7E6E /* XYMASViewConstraint.m */,
			);
			path = XYMasonry;
			sourceTree = "<group>";
		};
		89B23C8623AB6B80004AD1FC = {
			isa = PBXGroup;
			children = (
				89B23C9223AB6B80004AD1FC /* XYSaber */,
				89B23C9123AB6B80004AD1FC /* Products */,
			);
			sourceTree = "<group>";
		};
		89B23C9123AB6B80004AD1FC /* Products */ = {
			isa = PBXGroup;
			children = (
				89B23C9023AB6B80004AD1FC /* XYSaber.framework */,
			);
			name = Products;
			sourceTree = "<group>";
		};
		89B23C9223AB6B80004AD1FC /* XYSaber */ = {
			isa = PBXGroup;
			children = (
				89B23C9423AB6B80004AD1FC /* Info.plist */,
				89102EA923AB91DD00DA5718 /* NSObject+XY.h */,
				89102EAB23AB91DD00DA5718 /* NSObject+XY.m */,
				896DCA4123CF058500CC5CC1 /* NSThread+XY.h */,
				896DCA4223CF058500CC5CC1 /* NSThread+XY.m */,
				89901A38240D301300B76709 /* NSString+XY.h */,
				89901A39240D301300B76709 /* NSString+XY.m */,
				89102E9323AB91DC00DA5718 /* UIAlertController+XY.h */,
				89102E9223AB91DC00DA5718 /* UIAlertController+XY.m */,
				89102EA023AB91DC00DA5718 /* UIButton+XY.h */,
				89102EA723AB91DD00DA5718 /* UIButton+XY.m */,
				89631A842587103700FA7E6E /* UIGestureRecognizer+XY.h */,
				89631A832587103700FA7E6E /* UIGestureRecognizer+XY.m */,
				89A1460E23B32CE700B2DE57 /* UICollectionView+XY.h */,
				89A1460B23B32CE700B2DE57 /* UICollectionView+XY.m */,
				89A1460D23B32CE700B2DE57 /* UICollectionViewCell+XY.h */,
				89A1460C23B32CE700B2DE57 /* UICollectionViewCell+XY.m */,
				89102E9423AB91DC00DA5718 /* UIColor+XY.h */,
				89102E9F23AB91DC00DA5718 /* UIColor+XY.m */,
				89102EAA23AB91DD00DA5718 /* UIImage+XY.h */,
				89102E9923AB91DC00DA5718 /* UIImage+XY.m */,
				896DCA3A23CF04D200CC5CC1 /* UIImageView+XY.h */,
				896DCA3B23CF04D200CC5CC1 /* UIImageView+XY.m */,
				89102EA223AB91DD00DA5718 /* UILabel+XY.h */,
				89102E9623AB91DC00DA5718 /* UILabel+XY.m */,
				89102E9823AB91DC00DA5718 /* UIScrollView+XY.h */,
				89102EA123AB91DD00DA5718 /* UIScrollView+XY.m */,
				89242B6C23B0FF87003B89D8 /* UITableView+IndexView.h */,
				89242B6D23B0FF87003B89D8 /* UITableView+IndexView.m */,
				893DB25223B0A60A00DF9CE8 /* UITableView+XY.h */,
				893DB24F23B0A60900DF9CE8 /* UITableView+XY.m */,
				893DB25023B0A60900DF9CE8 /* UITableViewCell+XY.h */,
				893DB25123B0A60A00DF9CE8 /* UITableViewCell+XY.m */,
				89EFFFBC23B05DBD00192A75 /* UITextField+XY.h */,
				89EFFFBD23B05DBD00192A75 /* UITextField+XY.m */,
				89102E9C23AB91DC00DA5718 /* UIView+XY.h */,
				89102EA823AB91DD00DA5718 /* UIView+XY.m */,
				89102EA623AB91DD00DA5718 /* XYApp.h */,
				89102EA323AB91DD00DA5718 /* XYApp.m */,
				89102E9B23AB91DC00DA5718 /* XYButtonSupport.h */,
				89102E9D23AB91DC00DA5718 /* XYButtonSupport.m */,
				89102EC823AB92BC00DA5718 /* XYDevice.h */,
				89102EC923AB92BC00DA5718 /* XYDevice.m */,
				89EF001D23B089C900192A75 /* XYHint.h */,
				89EF002023B089C900192A75 /* XYHint.m */,
				896DCA3C23CF04D200CC5CC1 /* XYImageViewSupport.h */,
				896DCA3923CF04D200CC5CC1 /* XYImageViewSupport.m */,
				89102EC623AB922600DA5718 /* XYMacro.h */,
				896DCA4523CF059F00CC5CC1 /* XYMedia.h */,
				896DCA4623CF059F00CC5CC1 /* XYMedia.m */,
				8960B59B23ACF38300AA4B31 /* XYHttp.h */,
				8960B59C23ACF38300AA4B31 /* XYHttp.m */,
				89102E9E23AB91DC00DA5718 /* XYObjectSupport.h */,
				89102E9723AB91DC00DA5718 /* XYObjectSupport.m */,
				893DB25323B0A60A00DF9CE8 /* XYTableViewSupport.h */,
				893DB25423B0A60A00DF9CE8 /* XYTableViewSupport.m */,
				89EF001E23B089C900192A75 /* XYTimer.h */,
				89EF001F23B089C900192A75 /* XYTimer.m */,
				89631A3425870AF000FA7E6E /* XYTabBarController.h */,
				89631A3525870AF000FA7E6E /* XYTabBarController.m */,
				89631A4F25870FBF00FA7E6E /* XYMasonry */,
				89631A3325870AEF00FA7E6E /* XYToast.h */,
				89631A3625870AF000FA7E6E /* XYToast.m */,
				89102E9523AB91DC00DA5718 /* XYViewSupport.h */,
				89102E9A23AB91DC00DA5718 /* XYViewSupport.m */,
			);
			path = XYSaber;
			sourceTree = "<group>";
		};
/* End PBXGroup section */

/* Begin PBXHeadersBuildPhase section */
		89B23C8B23AB6B80004AD1FC /* Headers */ = {
			isa = PBXHeadersBuildPhase;
			buildActionMask = 2147483647;
			files = (
				89631A3725870AF000FA7E6E /* XYToast.h in Headers */,
				89631A3825870AF000FA7E6E /* XYTabBarController.h in Headers */,
				89631A6925870FC000FA7E6E /* XYMASLayoutConstraint.h in Headers */,
				896DCA4723CF059F00CC5CC1 /* XYMedia.h in Headers */,
				896DCA4323CF058600CC5CC1 /* NSThread+XY.h in Headers */,
				89A1461123B32CE700B2DE57 /* UICollectionViewCell+XY.h in Headers */,
				89631A6D25870FC000FA7E6E /* NSArray+XYMASShorthandAdditions.h in Headers */,
				89102EBA23AB91DE00DA5718 /* UIButton+XY.h in Headers */,
				89631A7925870FC000FA7E6E /* XYMASUtilities.h in Headers */,
				893DB25623B0A60A00DF9CE8 /* UITableViewCell+XY.h in Headers */,
				89631A7225870FC000FA7E6E /* NSArray+XYMASAdditions.h in Headers */,
				893DB25823B0A60A00DF9CE8 /* UITableView+XY.h in Headers */,
				89102EC423AB91DE00DA5718 /* UIImage+XY.h in Headers */,
				89631A7325870FC000FA7E6E /* MASConstraint+XYPrivate.h in Headers */,
				8960B59D23ACF38300AA4B31 /* XYHttp.h in Headers */,
				89242B6E23B0FF87003B89D8 /* UITableView+IndexView.h in Headers */,
				89102EAD23AB91DE00DA5718 /* UIAlertController+XY.h in Headers */,
				89102EC723AB922600DA5718 /* XYMacro.h in Headers */,
				89102EAE23AB91DE00DA5718 /* UIColor+XY.h in Headers */,
				89EFFFBE23B05DBD00192A75 /* UITextField+XY.h in Headers */,
				89631A7125870FC000FA7E6E /* XYMASViewConstraint.h in Headers */,
				89102EC023AB91DE00DA5718 /* XYApp.h in Headers */,
				89102EC323AB91DE00DA5718 /* NSObject+XY.h in Headers */,
				89631A6C25870FC000FA7E6E /* View+XYMASAdditions.h in Headers */,
				89102ECA23AB92BC00DA5718 /* XYDevice.h in Headers */,
				89102EB623AB91DE00DA5718 /* UIView+XY.h in Headers */,
				89631A7625870FC000FA7E6E /* NSLayoutConstraint+XYMASDebugAdditions.h in Headers */,
				896DCA3E23CF04D200CC5CC1 /* UIImageView+XY.h in Headers */,
				89631A7E25870FC000FA7E6E /* View+XYMASShorthandAdditions.h in Headers */,
				89631A6F25870FC000FA7E6E /* XYMASConstraintMaker.h in Headers */,
				89631A6A25870FC000FA7E6E /* XYMASConstraint.h in Headers */,
				89102EB223AB91DE00DA5718 /* UIScrollView+XY.h in Headers */,
				89901A3A240D301300B76709 /* NSString+XY.h in Headers */,
				89EF002123B089C900192A75 /* XYHint.h in Headers */,
				89631A862587103700FA7E6E /* UIGestureRecognizer+XY.h in Headers */,
				89631A7425870FC000FA7E6E /* ViewController+XYMASAdditions.h in Headers */,
				89102EBC23AB91DE00DA5718 /* UILabel+XY.h in Headers */,
				89EF002223B089C900192A75 /* XYTimer.h in Headers */,
				89631A7025870FC000FA7E6E /* XYMASCompositeConstraint.h in Headers */,
				89A1461223B32CE700B2DE57 /* UICollectionView+XY.h in Headers */,
				89102EB523AB91DE00DA5718 /* XYButtonSupport.h in Headers */,
				89102EAF23AB91DE00DA5718 /* XYViewSupport.h in Headers */,
				893DB25923B0A60A00DF9CE8 /* XYTableViewSupport.h in Headers */,
				89102EB823AB91DE00DA5718 /* XYObjectSupport.h in Headers */,
				896DCA4023CF04D200CC5CC1 /* XYImageViewSupport.h in Headers */,
				89631A7C25870FC000FA7E6E /* XYMASViewAttribute.h in Headers */,
				89631A7B25870FC000FA7E6E /* XYMasonry.h in Headers */,
			);
			runOnlyForDeploymentPostprocessing = 0;
		};
/* End PBXHeadersBuildPhase section */

/* Begin PBXNativeTarget section */
		89B23C8F23AB6B80004AD1FC /* XYSaber */ = {
			isa = PBXNativeTarget;
			buildConfigurationList = 89B23C9823AB6B80004AD1FC /* Build configuration list for PBXNativeTarget "XYSaber" */;
			buildPhases = (
				89B23C8B23AB6B80004AD1FC /* Headers */,
				89B23C8C23AB6B80004AD1FC /* Sources */,
				89B23C8D23AB6B80004AD1FC /* Frameworks */,
				89B23C8E23AB6B80004AD1FC /* Resources */,
			);
			buildRules = (
			);
			dependencies = (
			);
			name = XYSaber;
			productName = XYSaber;
			productReference = 89B23C9023AB6B80004AD1FC /* XYSaber.framework */;
			productType = "com.apple.product-type.framework";
		};
/* End PBXNativeTarget section */

/* Begin PBXProject section */
		89B23C8723AB6B80004AD1FC /* Project object */ = {
			isa = PBXProject;
			attributes = {
				LastUpgradeCheck = 1130;
				ORGANIZATIONNAME = ios;
				TargetAttributes = {
					89B23C8F23AB6B80004AD1FC = {
						CreatedOnToolsVersion = 11.3;
					};
				};
			};
			buildConfigurationList = 89B23C8A23AB6B80004AD1FC /* Build configuration list for PBXProject "XYSaber" */;
			compatibilityVersion = "Xcode 9.3";
			developmentRegion = en;
			hasScannedForEncodings = 0;
			knownRegions = (
				en,
				Base,
			);
			mainGroup = 89B23C8623AB6B80004AD1FC;
			productRefGroup = 89B23C9123AB6B80004AD1FC /* Products */;
			projectDirPath = "";
			projectRoot = "";
			targets = (
				89B23C8F23AB6B80004AD1FC /* XYSaber */,
			);
		};
/* End PBXProject section */

/* Begin PBXResourcesBuildPhase section */
		89B23C8E23AB6B80004AD1FC /* Resources */ = {
			isa = PBXResourcesBuildPhase;
			buildActionMask = 2147483647;
			files = (
			);
			runOnlyForDeploymentPostprocessing = 0;
		};
/* End PBXResourcesBuildPhase section */

/* Begin PBXSourcesBuildPhase section */
		89B23C8C23AB6B80004AD1FC /* Sources */ = {
			isa = PBXSourcesBuildPhase;
			buildActionMask = 2147483647;
			files = (
				89631A7A25870FC000FA7E6E /* XYMASConstraintMaker.m in Sources */,
				89102EBB23AB91DE00DA5718 /* UIScrollView+XY.m in Sources */,
				896DCA3F23CF04D200CC5CC1 /* UIImageView+XY.m in Sources */,
				89102EC523AB91DE00DA5718 /* NSObject+XY.m in Sources */,
				89102EB723AB91DE00DA5718 /* XYButtonSupport.m in Sources */,
				89631A7825870FC000FA7E6E /* XYMASLayoutConstraint.m in Sources */,
				89102EC123AB91DE00DA5718 /* UIButton+XY.m in Sources */,
				896DCA4823CF059F00CC5CC1 /* XYMedia.m in Sources */,
				89102EB923AB91DE00DA5718 /* UIColor+XY.m in Sources */,
				89EF002423B089C900192A75 /* XYHint.m in Sources */,
				89EF002323B089C900192A75 /* XYTimer.m in Sources */,
				896DCA4423CF058600CC5CC1 /* NSThread+XY.m in Sources */,
				89631A3A25870AF000FA7E6E /* XYToast.m in Sources */,
				89631A7D25870FC000FA7E6E /* XYMASCompositeConstraint.m in Sources */,
				89631A852587103700FA7E6E /* UIGestureRecognizer+XY.m in Sources */,
				89242B6F23B0FF87003B89D8 /* UITableView+IndexView.m in Sources */,
				89102EBD23AB91DE00DA5718 /* XYApp.m in Sources */,
				89631A6B25870FC000FA7E6E /* NSLayoutConstraint+XYMASDebugAdditions.m in Sources */,
				893DB25723B0A60A00DF9CE8 /* UITableViewCell+XY.m in Sources */,
				89631A7725870FC000FA7E6E /* XYMASConstraint.m in Sources */,
				89631A8025870FC000FA7E6E /* NSArray+XYMASAdditions.m in Sources */,
				89A1460F23B32CE700B2DE57 /* UICollectionView+XY.m in Sources */,
				89631A6E25870FC000FA7E6E /* XYMASViewAttribute.m in Sources */,
				896DCA3D23CF04D200CC5CC1 /* XYImageViewSupport.m in Sources */,
				89102EB423AB91DE00DA5718 /* XYViewSupport.m in Sources */,
				89102EB323AB91DE00DA5718 /* UIImage+XY.m in Sources */,
				89631A3925870AF000FA7E6E /* XYTabBarController.m in Sources */,
				89631A8125870FC000FA7E6E /* XYMASViewConstraint.m in Sources */,
				89102EC223AB91DE00DA5718 /* UIView+XY.m in Sources */,
				893DB25A23B0A60A00DF9CE8 /* XYTableViewSupport.m in Sources */,
				89631A7525870FC000FA7E6E /* View+XYMASAdditions.m in Sources */,
				89901A3B240D301300B76709 /* NSString+XY.m in Sources */,
				8960B59E23ACF38300AA4B31 /* XYHttp.m in Sources */,
				89102ECB23AB92BC00DA5718 /* XYDevice.m in Sources */,
				89631A7F25870FC000FA7E6E /* ViewController+XYMASAdditions.m in Sources */,
				89102EAC23AB91DE00DA5718 /* UIAlertController+XY.m in Sources */,
				89102EB023AB91DE00DA5718 /* UILabel+XY.m in Sources */,
				89EFFFBF23B05DBE00192A75 /* UITextField+XY.m in Sources */,
				89A1461023B32CE700B2DE57 /* UICollectionViewCell+XY.m in Sources */,
				89102EB123AB91DE00DA5718 /* XYObjectSupport.m in Sources */,
				893DB25523B0A60A00DF9CE8 /* UITableView+XY.m in Sources */,
			);
			runOnlyForDeploymentPostprocessing = 0;
		};
/* End PBXSourcesBuildPhase section */

/* Begin XCBuildConfiguration section */
		89B23C9623AB6B80004AD1FC /* Debug */ = {
			isa = XCBuildConfiguration;
			buildSettings = {
				ALWAYS_SEARCH_USER_PATHS = NO;
				CLANG_ANALYZER_NONNULL = YES;
				CLANG_ANALYZER_NUMBER_OBJECT_CONVERSION = YES_AGGRESSIVE;
				CLANG_CXX_LANGUAGE_STANDARD = "gnu++14";
				CLANG_CXX_LIBRARY = "libc++";
				CLANG_ENABLE_MODULES = YES;
				CLANG_ENABLE_OBJC_ARC = YES;
				CLANG_ENABLE_OBJC_WEAK = YES;
				CLANG_WARN_BLOCK_CAPTURE_AUTORELEASING = YES;
				CLANG_WARN_BOOL_CONVERSION = YES;
				CLANG_WARN_COMMA = YES;
				CLANG_WARN_CONSTANT_CONVERSION = YES;
				CLANG_WARN_DEPRECATED_OBJC_IMPLEMENTATIONS = YES;
				CLANG_WARN_DIRECT_OBJC_ISA_USAGE = YES_ERROR;
				CLANG_WARN_DOCUMENTATION_COMMENTS = YES;
				CLANG_WARN_EMPTY_BODY = YES;
				CLANG_WARN_ENUM_CONVERSION = YES;
				CLANG_WARN_INFINITE_RECURSION = YES;
				CLANG_WARN_INT_CONVERSION = YES;
				CLANG_WARN_NON_LITERAL_NULL_CONVERSION = YES;
				CLANG_WARN_OBJC_IMPLICIT_RETAIN_SELF = YES;
				CLANG_WARN_OBJC_LITERAL_CONVERSION = YES;
				CLANG_WARN_OBJC_ROOT_CLASS = YES_ERROR;
				CLANG_WARN_RANGE_LOOP_ANALYSIS = YES;
				CLANG_WARN_STRICT_PROTOTYPES = YES;
				CLANG_WARN_SUSPICIOUS_MOVE = YES;
				CLANG_WARN_UNGUARDED_AVAILABILITY = YES_AGGRESSIVE;
				CLANG_WARN_UNREACHABLE_CODE = YES;
				CLANG_WARN__DUPLICATE_METHOD_MATCH = YES;
				COPY_PHASE_STRIP = NO;
				CURRENT_PROJECT_VERSION = 1;
				DEBUG_INFORMATION_FORMAT = dwarf;
				ENABLE_STRICT_OBJC_MSGSEND = YES;
				ENABLE_TESTABILITY = YES;
				GCC_C_LANGUAGE_STANDARD = gnu11;
				GCC_DYNAMIC_NO_PIC = NO;
				GCC_NO_COMMON_BLOCKS = YES;
				GCC_OPTIMIZATION_LEVEL = 0;
				GCC_PREPROCESSOR_DEFINITIONS = (
					"DEBUG=1",
					"$(inherited)",
				);
				GCC_WARN_64_TO_32_BIT_CONVERSION = YES;
				GCC_WARN_ABOUT_RETURN_TYPE = YES_ERROR;
				GCC_WARN_UNDECLARED_SELECTOR = YES;
				GCC_WARN_UNINITIALIZED_AUTOS = YES_AGGRESSIVE;
				GCC_WARN_UNUSED_FUNCTION = YES;
				GCC_WARN_UNUSED_VARIABLE = YES;
				IPHONEOS_DEPLOYMENT_TARGET = 13.2;
				MTL_ENABLE_DEBUG_INFO = INCLUDE_SOURCE;
				MTL_FAST_MATH = YES;
				ONLY_ACTIVE_ARCH = YES;
				SDKROOT = iphoneos;
				VERSIONING_SYSTEM = "apple-generic";
				VERSION_INFO_PREFIX = "";
			};
			name = Debug;
		};
		89B23C9723AB6B80004AD1FC /* Release */ = {
			isa = XCBuildConfiguration;
			buildSettings = {
				ALWAYS_SEARCH_USER_PATHS = NO;
				CLANG_ANALYZER_NONNULL = YES;
				CLANG_ANALYZER_NUMBER_OBJECT_CONVERSION = YES_AGGRESSIVE;
				CLANG_CXX_LANGUAGE_STANDARD = "gnu++14";
				CLANG_CXX_LIBRARY = "libc++";
				CLANG_ENABLE_MODULES = YES;
				CLANG_ENABLE_OBJC_ARC = YES;
				CLANG_ENABLE_OBJC_WEAK = YES;
				CLANG_WARN_BLOCK_CAPTURE_AUTORELEASING = YES;
				CLANG_WARN_BOOL_CONVERSION = YES;
				CLANG_WARN_COMMA = YES;
				CLANG_WARN_CONSTANT_CONVERSION = YES;
				CLANG_WARN_DEPRECATED_OBJC_IMPLEMENTATIONS = YES;
				CLANG_WARN_DIRECT_OBJC_ISA_USAGE = YES_ERROR;
				CLANG_WARN_DOCUMENTATION_COMMENTS = YES;
				CLANG_WARN_EMPTY_BODY = YES;
				CLANG_WARN_ENUM_CONVERSION = YES;
				CLANG_WARN_INFINITE_RECURSION = YES;
				CLANG_WARN_INT_CONVERSION = YES;
				CLANG_WARN_NON_LITERAL_NULL_CONVERSION = YES;
				CLANG_WARN_OBJC_IMPLICIT_RETAIN_SELF = YES;
				CLANG_WARN_OBJC_LITERAL_CONVERSION = YES;
				CLANG_WARN_OBJC_ROOT_CLASS = YES_ERROR;
				CLANG_WARN_RANGE_LOOP_ANALYSIS = YES;
				CLANG_WARN_STRICT_PROTOTYPES = YES;
				CLANG_WARN_SUSPICIOUS_MOVE = YES;
				CLANG_WARN_UNGUARDED_AVAILABILITY = YES_AGGRESSIVE;
				CLANG_WARN_UNREACHABLE_CODE = YES;
				CLANG_WARN__DUPLICATE_METHOD_MATCH = YES;
				COPY_PHASE_STRIP = NO;
				CURRENT_PROJECT_VERSION = 1;
				DEBUG_INFORMATION_FORMAT = "dwarf-with-dsym";
				ENABLE_NS_ASSERTIONS = NO;
				ENABLE_STRICT_OBJC_MSGSEND = YES;
				GCC_C_LANGUAGE_STANDARD = gnu11;
				GCC_NO_COMMON_BLOCKS = YES;
				GCC_WARN_64_TO_32_BIT_CONVERSION = YES;
				GCC_WARN_ABOUT_RETURN_TYPE = YES_ERROR;
				GCC_WARN_UNDECLARED_SELECTOR = YES;
				GCC_WARN_UNINITIALIZED_AUTOS = YES_AGGRESSIVE;
				GCC_WARN_UNUSED_FUNCTION = YES;
				GCC_WARN_UNUSED_VARIABLE = YES;
				IPHONEOS_DEPLOYMENT_TARGET = 13.2;
				MTL_ENABLE_DEBUG_INFO = NO;
				MTL_FAST_MATH = YES;
				SDKROOT = iphoneos;
				VALIDATE_PRODUCT = YES;
				VERSIONING_SYSTEM = "apple-generic";
				VERSION_INFO_PREFIX = "";
			};
			name = Release;
		};
		89B23C9923AB6B80004AD1FC /* Debug */ = {
			isa = XCBuildConfiguration;
			buildSettings = {
				CODE_SIGN_STYLE = Automatic;
				DEFINES_MODULE = YES;
				DYLIB_COMPATIBILITY_VERSION = 1;
				DYLIB_CURRENT_VERSION = 1;
				DYLIB_INSTALL_NAME_BASE = "@rpath";
				INFOPLIST_FILE = XYSaber/Info.plist;
				INSTALL_PATH = "$(LOCAL_LIBRARY_DIR)/Frameworks";
				IPHONEOS_DEPLOYMENT_TARGET = 9.0;
				LD_RUNPATH_SEARCH_PATHS = (
					"$(inherited)",
					"@executable_path/Frameworks",
					"@loader_path/Frameworks",
				);
				MACH_O_TYPE = staticlib;
				MARKETING_VERSION = 1.0.5;
				ONLY_ACTIVE_ARCH = NO;
				PRODUCT_BUNDLE_IDENTIFIER = ios.XYSaber;
				PRODUCT_NAME = "$(TARGET_NAME:c99extidentifier)";
				SKIP_INSTALL = YES;
				SUPPORTS_MACCATALYST = NO;
				TARGETED_DEVICE_FAMILY = "1,2";
			};
			name = Debug;
		};
		89B23C9A23AB6B80004AD1FC /* Release */ = {
			isa = XCBuildConfiguration;
			buildSettings = {
				CODE_SIGN_STYLE = Automatic;
				DEFINES_MODULE = YES;
				DYLIB_COMPATIBILITY_VERSION = 1;
				DYLIB_CURRENT_VERSION = 1;
				DYLIB_INSTALL_NAME_BASE = "@rpath";
				INFOPLIST_FILE = XYSaber/Info.plist;
				INSTALL_PATH = "$(LOCAL_LIBRARY_DIR)/Frameworks";
				IPHONEOS_DEPLOYMENT_TARGET = 9.0;
				LD_RUNPATH_SEARCH_PATHS = (
					"$(inherited)",
					"@executable_path/Frameworks",
					"@loader_path/Frameworks",
				);
				MACH_O_TYPE = staticlib;
				MARKETING_VERSION = 1.0.5;
				ONLY_ACTIVE_ARCH = NO;
				PRODUCT_BUNDLE_IDENTIFIER = ios.XYSaber;
				PRODUCT_NAME = "$(TARGET_NAME:c99extidentifier)";
				SKIP_INSTALL = YES;
				SUPPORTS_MACCATALYST = NO;
				TARGETED_DEVICE_FAMILY = "1,2";
			};
			name = Release;
		};
/* End XCBuildConfiguration section */

/* Begin XCConfigurationList section */
		89B23C8A23AB6B80004AD1FC /* Build configuration list for PBXProject "XYSaber" */ = {
			isa = XCConfigurationList;
			buildConfigurations = (
				89B23C9623AB6B80004AD1FC /* Debug */,
				89B23C9723AB6B80004AD1FC /* Release */,
			);
			defaultConfigurationIsVisible = 0;
			defaultConfigurationName = Release;
		};
		89B23C9823AB6B80004AD1FC /* Build configuration list for PBXNativeTarget "XYSaber" */ = {
			isa = XCConfigurationList;
			buildConfigurations = (
				89B23C9923AB6B80004AD1FC /* Debug */,
				89B23C9A23AB6B80004AD1FC /* Release */,
			);
			defaultConfigurationIsVisible = 0;
			defaultConfigurationName = Release;
		};
/* End XCConfigurationList section */
	};
	rootObject = 89B23C8723AB6B80004AD1FC /* Project object */;
}
